// !$*UTF8*$!
{
	archiveVersion = 1;
	classes = {
	};
	objectVersion = 46;
	objects = {

/* Begin PBXBuildFile section */
		CEBF843B197FDE5400EBE976 /* Cocoa.framework in Frameworks */ = {isa = PBXBuildFile; fileRef = CEBF843A197FDE5400EBE976 /* Cocoa.framework */; };
		CEBF8445197FDE5400EBE976 /* InfoPlist.strings in Resources */ = {isa = PBXBuildFile; fileRef = CEBF8443197FDE5400EBE976 /* InfoPlist.strings */; };
		CEBF8447197FDE5400EBE976 /* main.m in Sources */ = {isa = PBXBuildFile; fileRef = CEBF8446197FDE5400EBE976 /* main.m */; };
		CEBF844B197FDE5400EBE976 /* Credits.rtf in Resources */ = {isa = PBXBuildFile; fileRef = CEBF8449197FDE5400EBE976 /* Credits.rtf */; };
		CEBF844E197FDE5400EBE976 /* AppDelegate.m in Sources */ = {isa = PBXBuildFile; fileRef = CEBF844D197FDE5400EBE976 /* AppDelegate.m */; };
		CEBF8451197FDE5400EBE976 /* MainMenu.xib in Resources */ = {isa = PBXBuildFile; fileRef = CEBF844F197FDE5400EBE976 /* MainMenu.xib */; };
		CEBF8453197FDE5400EBE976 /* Images.xcassets in Resources */ = {isa = PBXBuildFile; fileRef = CEBF8452197FDE5400EBE976 /* Images.xcassets */; };
		CEBF845A197FDE5400EBE976 /* XCTest.framework in Frameworks */ = {isa = PBXBuildFile; fileRef = CEBF8459197FDE5400EBE976 /* XCTest.framework */; };
		CEBF845B197FDE5400EBE976 /* Cocoa.framework in Frameworks */ = {isa = PBXBuildFile; fileRef = CEBF843A197FDE5400EBE976 /* Cocoa.framework */; };
		CEBF8463197FDE5400EBE976 /* InfoPlist.strings in Resources */ = {isa = PBXBuildFile; fileRef = CEBF8461197FDE5400EBE976 /* InfoPlist.strings */; };
		CEBF8465197FDE5400EBE976 /* MacGuarderTests.m in Sources */ = {isa = PBXBuildFile; fileRef = CEBF8464197FDE5400EBE976 /* MacGuarderTests.m */; };
		CEBF848E197FDEB500EBE976 /* GCDWebServer.m in Sources */ = {isa = PBXBuildFile; fileRef = CEBF8471197FDEB500EBE976 /* GCDWebServer.m */; };
		CEBF848F197FDEB500EBE976 /* GCDWebServerConnection.m in Sources */ = {isa = PBXBuildFile; fileRef = CEBF8473197FDEB500EBE976 /* GCDWebServerConnection.m */; };
		CEBF8490197FDEB500EBE976 /* GCDWebServerFunctions.m in Sources */ = {isa = PBXBuildFile; fileRef = CEBF8475197FDEB500EBE976 /* GCDWebServerFunctions.m */; };
		CEBF8491197FDEB500EBE976 /* GCDWebServerRequest.m in Sources */ = {isa = PBXBuildFile; fileRef = CEBF8479197FDEB500EBE976 /* GCDWebServerRequest.m */; };
		CEBF8492197FDEB500EBE976 /* GCDWebServerResponse.m in Sources */ = {isa = PBXBuildFile; fileRef = CEBF847B197FDEB500EBE976 /* GCDWebServerResponse.m */; };
		CEBF8493197FDEB500EBE976 /* GCDWebServerDataRequest.m in Sources */ = {isa = PBXBuildFile; fileRef = CEBF847E197FDEB500EBE976 /* GCDWebServerDataRequest.m */; };
		CEBF8494197FDEB500EBE976 /* GCDWebServerFileRequest.m in Sources */ = {isa = PBXBuildFile; fileRef = CEBF8480197FDEB500EBE976 /* GCDWebServerFileRequest.m */; };
		CEBF8495197FDEB500EBE976 /* GCDWebServerMultiPartFormRequest.m in Sources */ = {isa = PBXBuildFile; fileRef = CEBF8482197FDEB500EBE976 /* GCDWebServerMultiPartFormRequest.m */; };
		CEBF8496197FDEB500EBE976 /* GCDWebServerURLEncodedFormRequest.m in Sources */ = {isa = PBXBuildFile; fileRef = CEBF8484197FDEB500EBE976 /* GCDWebServerURLEncodedFormRequest.m */; };
		CEBF8497197FDEB500EBE976 /* GCDWebServerDataResponse.m in Sources */ = {isa = PBXBuildFile; fileRef = CEBF8487197FDEB500EBE976 /* GCDWebServerDataResponse.m */; };
		CEBF8498197FDEB500EBE976 /* GCDWebServerErrorResponse.m in Sources */ = {isa = PBXBuildFile; fileRef = CEBF8489197FDEB500EBE976 /* GCDWebServerErrorResponse.m */; };
		CEBF8499197FDEB500EBE976 /* GCDWebServerFileResponse.m in Sources */ = {isa = PBXBuildFile; fileRef = CEBF848B197FDEB500EBE976 /* GCDWebServerFileResponse.m */; };
		CEBF849A197FDEB500EBE976 /* GCDWebServerStreamedResponse.m in Sources */ = {isa = PBXBuildFile; fileRef = CEBF848D197FDEB500EBE976 /* GCDWebServerStreamedResponse.m */; };
		CEBF849E197FDF2200EBE976 /* MacGuarderHelper.m in Sources */ = {isa = PBXBuildFile; fileRef = CEBF849D197FDF2200EBE976 /* MacGuarderHelper.m */; };
		CEBF84A0197FE11700EBE976 /* libz.dylib in Frameworks */ = {isa = PBXBuildFile; fileRef = CEBF849F197FE11700EBE976 /* libz.dylib */; };
/* End PBXBuildFile section */

/* Begin PBXContainerItemProxy section */
		CEBF845C197FDE5400EBE976 /* PBXContainerItemProxy */ = {
			isa = PBXContainerItemProxy;
			containerPortal = CEBF842F197FDE5400EBE976 /* Project object */;
			proxyType = 1;
			remoteGlobalIDString = CEBF8436197FDE5400EBE976;
			remoteInfo = MacGuarder;
		};
/* End PBXContainerItemProxy section */

/* Begin PBXFileReference section */
		CEBF8437197FDE5400EBE976 /* MacGuarder.app */ = {isa = PBXFileReference; explicitFileType = wrapper.application; includeInIndex = 0; path = MacGuarder.app; sourceTree = BUILT_PRODUCTS_DIR; };
		CEBF843A197FDE5400EBE976 /* Cocoa.framework */ = {isa = PBXFileReference; lastKnownFileType = wrapper.framework; name = Cocoa.framework; path = System/Library/Frameworks/Cocoa.framework; sourceTree = SDKROOT; };
		CEBF843D197FDE5400EBE976 /* AppKit.framework */ = {isa = PBXFileReference; lastKnownFileType = wrapper.framework; name = AppKit.framework; path = System/Library/Frameworks/AppKit.framework; sourceTree = SDKROOT; };
		CEBF843E197FDE5400EBE976 /* CoreData.framework */ = {isa = PBXFileReference; lastKnownFileType = wrapper.framework; name = CoreData.framework; path = System/Library/Frameworks/CoreData.framework; sourceTree = SDKROOT; };
		CEBF843F197FDE5400EBE976 /* Foundation.framework */ = {isa = PBXFileReference; lastKnownFileType = wrapper.framework; name = Foundation.framework; path = System/Library/Frameworks/Foundation.framework; sourceTree = SDKROOT; };
		CEBF8442197FDE5400EBE976 /* MacGuarder-Info.plist */ = {isa = PBXFileReference; lastKnownFileType = text.plist.xml; path = "MacGuarder-Info.plist"; sourceTree = "<group>"; };
		CEBF8444197FDE5400EBE976 /* en */ = {isa = PBXFileReference; lastKnownFileType = text.plist.strings; name = en; path = en.lproj/InfoPlist.strings; sourceTree = "<group>"; };
		CEBF8446197FDE5400EBE976 /* main.m */ = {isa = PBXFileReference; lastKnownFileType = sourcecode.c.objc; path = main.m; sourceTree = "<group>"; };
		CEBF8448197FDE5400EBE976 /* MacGuarder-Prefix.pch */ = {isa = PBXFileReference; lastKnownFileType = sourcecode.c.h; path = "MacGuarder-Prefix.pch"; sourceTree = "<group>"; };
		CEBF844A197FDE5400EBE976 /* en */ = {isa = PBXFileReference; lastKnownFileType = text.rtf; name = en; path = en.lproj/Credits.rtf; sourceTree = "<group>"; };
		CEBF844C197FDE5400EBE976 /* AppDelegate.h */ = {isa = PBXFileReference; lastKnownFileType = sourcecode.c.h; path = AppDelegate.h; sourceTree = "<group>"; };
		CEBF844D197FDE5400EBE976 /* AppDelegate.m */ = {isa = PBXFileReference; lastKnownFileType = sourcecode.c.objc; path = AppDelegate.m; sourceTree = "<group>"; };
		CEBF8450197FDE5400EBE976 /* Base */ = {isa = PBXFileReference; lastKnownFileType = file.xib; name = Base; path = Base.lproj/MainMenu.xib; sourceTree = "<group>"; };
		CEBF8452197FDE5400EBE976 /* Images.xcassets */ = {isa = PBXFileReference; lastKnownFileType = folder.assetcatalog; path = Images.xcassets; sourceTree = "<group>"; };
		CEBF8458197FDE5400EBE976 /* MacGuarderTests.xctest */ = {isa = PBXFileReference; explicitFileType = wrapper.cfbundle; includeInIndex = 0; path = MacGuarderTests.xctest; sourceTree = BUILT_PRODUCTS_DIR; };
		CEBF8459197FDE5400EBE976 /* XCTest.framework */ = {isa = PBXFileReference; lastKnownFileType = wrapper.framework; name = XCTest.framework; path = Library/Frameworks/XCTest.framework; sourceTree = DEVELOPER_DIR; };
		CEBF8460197FDE5400EBE976 /* MacGuarderTests-Info.plist */ = {isa = PBXFileReference; lastKnownFileType = text.plist.xml; path = "MacGuarderTests-Info.plist"; sourceTree = "<group>"; };
		CEBF8462197FDE5400EBE976 /* en */ = {isa = PBXFileReference; lastKnownFileType = text.plist.strings; name = en; path = en.lproj/InfoPlist.strings; sourceTree = "<group>"; };
		CEBF8464197FDE5400EBE976 /* MacGuarderTests.m */ = {isa = PBXFileReference; lastKnownFileType = sourcecode.c.objc; path = MacGuarderTests.m; sourceTree = "<group>"; };
		CEBF8470197FDEB500EBE976 /* GCDWebServer.h */ = {isa = PBXFileReference; fileEncoding = 4; lastKnownFileType = sourcecode.c.h; path = GCDWebServer.h; sourceTree = "<group>"; };
		CEBF8471197FDEB500EBE976 /* GCDWebServer.m */ = {isa = PBXFileReference; fileEncoding = 4; lastKnownFileType = sourcecode.c.objc; path = GCDWebServer.m; sourceTree = "<group>"; };
		CEBF8472197FDEB500EBE976 /* GCDWebServerConnection.h */ = {isa = PBXFileReference; fileEncoding = 4; lastKnownFileType = sourcecode.c.h; path = GCDWebServerConnection.h; sourceTree = "<group>"; };
		CEBF8473197FDEB500EBE976 /* GCDWebServerConnection.m */ = {isa = PBXFileReference; fileEncoding = 4; lastKnownFileType = sourcecode.c.objc; path = GCDWebServerConnection.m; sourceTree = "<group>"; };
		CEBF8474197FDEB500EBE976 /* GCDWebServerFunctions.h */ = {isa = PBXFileReference; fileEncoding = 4; lastKnownFileType = sourcecode.c.h; path = GCDWebServerFunctions.h; sourceTree = "<group>"; };
		CEBF8475197FDEB500EBE976 /* GCDWebServerFunctions.m */ = {isa = PBXFileReference; fileEncoding = 4; lastKnownFileType = sourcecode.c.objc; path = GCDWebServerFunctions.m; sourceTree = "<group>"; };
		CEBF8476197FDEB500EBE976 /* GCDWebServerHTTPStatusCodes.h */ = {isa = PBXFileReference; fileEncoding = 4; lastKnownFileType = sourcecode.c.h; path = GCDWebServerHTTPStatusCodes.h; sourceTree = "<group>"; };
		CEBF8477197FDEB500EBE976 /* GCDWebServerPrivate.h */ = {isa = PBXFileReference; fileEncoding = 4; lastKnownFileType = sourcecode.c.h; path = GCDWebServerPrivate.h; sourceTree = "<group>"; };
		CEBF8478197FDEB500EBE976 /* GCDWebServerRequest.h */ = {isa = PBXFileReference; fileEncoding = 4; lastKnownFileType = sourcecode.c.h; path = GCDWebServerRequest.h; sourceTree = "<group>"; };
		CEBF8479197FDEB500EBE976 /* GCDWebServerRequest.m */ = {isa = PBXFileReference; fileEncoding = 4; lastKnownFileType = sourcecode.c.objc; path = GCDWebServerRequest.m; sourceTree = "<group>"; };
		CEBF847A197FDEB500EBE976 /* GCDWebServerResponse.h */ = {isa = PBXFileReference; fileEncoding = 4; lastKnownFileType = sourcecode.c.h; path = GCDWebServerResponse.h; sourceTree = "<group>"; };
		CEBF847B197FDEB500EBE976 /* GCDWebServerResponse.m */ = {isa = PBXFileReference; fileEncoding = 4; lastKnownFileType = sourcecode.c.objc; path = GCDWebServerResponse.m; sourceTree = "<group>"; };
		CEBF847D197FDEB500EBE976 /* GCDWebServerDataRequest.h */ = {isa = PBXFileReference; fileEncoding = 4; lastKnownFileType = sourcecode.c.h; path = GCDWebServerDataRequest.h; sourceTree = "<group>"; };
		CEBF847E197FDEB500EBE976 /* GCDWebServerDataRequest.m */ = {isa = PBXFileReference; fileEncoding = 4; lastKnownFileType = sourcecode.c.objc; path = GCDWebServerDataRequest.m; sourceTree = "<group>"; };
		CEBF847F197FDEB500EBE976 /* GCDWebServerFileRequest.h */ = {isa = PBXFileReference; fileEncoding = 4; lastKnownFileType = sourcecode.c.h; path = GCDWebServerFileRequest.h; sourceTree = "<group>"; };
		CEBF8480197FDEB500EBE976 /* GCDWebServerFileRequest.m */ = {isa = PBXFileReference; fileEncoding = 4; lastKnownFileType = sourcecode.c.objc; path = GCDWebServerFileRequest.m; sourceTree = "<group>"; };
		CEBF8481197FDEB500EBE976 /* GCDWebServerMultiPartFormRequest.h */ = {isa = PBXFileReference; fileEncoding = 4; lastKnownFileType = sourcecode.c.h; path = GCDWebServerMultiPartFormRequest.h; sourceTree = "<group>"; };
		CEBF8482197FDEB500EBE976 /* GCDWebServerMultiPartFormRequest.m */ = {isa = PBXFileReference; fileEncoding = 4; lastKnownFileType = sourcecode.c.objc; path = GCDWebServerMultiPartFormRequest.m; sourceTree = "<group>"; };
		CEBF8483197FDEB500EBE976 /* GCDWebServerURLEncodedFormRequest.h */ = {isa = PBXFileReference; fileEncoding = 4; lastKnownFileType = sourcecode.c.h; path = GCDWebServerURLEncodedFormRequest.h; sourceTree = "<group>"; };
		CEBF8484197FDEB500EBE976 /* GCDWebServerURLEncodedFormRequest.m */ = {isa = PBXFileReference; fileEncoding = 4; lastKnownFileType = sourcecode.c.objc; path = GCDWebServerURLEncodedFormRequest.m; sourceTree = "<group>"; };
		CEBF8486197FDEB500EBE976 /* GCDWebServerDataResponse.h */ = {isa = PBXFileReference; fileEncoding = 4; lastKnownFileType = sourcecode.c.h; path = GCDWebServerDataResponse.h; sourceTree = "<group>"; };
		CEBF8487197FDEB500EBE976 /* GCDWebServerDataResponse.m */ = {isa = PBXFileReference; fileEncoding = 4; lastKnownFileType = sourcecode.c.objc; path = GCDWebServerDataResponse.m; sourceTree = "<group>"; };
		CEBF8488197FDEB500EBE976 /* GCDWebServerErrorResponse.h */ = {isa = PBXFileReference; fileEncoding = 4; lastKnownFileType = sourcecode.c.h; path = GCDWebServerErrorResponse.h; sourceTree = "<group>"; };
		CEBF8489197FDEB500EBE976 /* GCDWebServerErrorResponse.m */ = {isa = PBXFileReference; fileEncoding = 4; lastKnownFileType = sourcecode.c.objc; path = GCDWebServerErrorResponse.m; sourceTree = "<group>"; };
		CEBF848A197FDEB500EBE976 /* GCDWebServerFileResponse.h */ = {isa = PBXFileReference; fileEncoding = 4; lastKnownFileType = sourcecode.c.h; path = GCDWebServerFileResponse.h; sourceTree = "<group>"; };
		CEBF848B197FDEB500EBE976 /* GCDWebServerFileResponse.m */ = {isa = PBXFileReference; fileEncoding = 4; lastKnownFileType = sourcecode.c.objc; path = GCDWebServerFileResponse.m; sourceTree = "<group>"; };
		CEBF848C197FDEB500EBE976 /* GCDWebServerStreamedResponse.h */ = {isa = PBXFileReference; fileEncoding = 4; lastKnownFileType = sourcecode.c.h; path = GCDWebServerStreamedResponse.h; sourceTree = "<group>"; };
		CEBF848D197FDEB500EBE976 /* GCDWebServerStreamedResponse.m */ = {isa = PBXFileReference; fileEncoding = 4; lastKnownFileType = sourcecode.c.objc; path = GCDWebServerStreamedResponse.m; sourceTree = "<group>"; };
		CEBF849C197FDF2200EBE976 /* MacGuarderHelper.h */ = {isa = PBXFileReference; fileEncoding = 4; lastKnownFileType = sourcecode.c.h; path = MacGuarderHelper.h; sourceTree = "<group>"; };
		CEBF849D197FDF2200EBE976 /* MacGuarderHelper.m */ = {isa = PBXFileReference; fileEncoding = 4; lastKnownFileType = sourcecode.c.objc; path = MacGuarderHelper.m; sourceTree = "<group>"; };
		CEBF849F197FE11700EBE976 /* libz.dylib */ = {isa = PBXFileReference; lastKnownFileType = "compiled.mach-o.dylib"; name = libz.dylib; path = usr/lib/libz.dylib; sourceTree = SDKROOT; };
/* End PBXFileReference section */

/* Begin PBXFrameworksBuildPhase section */
		CEBF8434197FDE5400EBE976 /* Frameworks */ = {
			isa = PBXFrameworksBuildPhase;
			buildActionMask = 2147483647;
			files = (
				CEBF84A0197FE11700EBE976 /* libz.dylib in Frameworks */,
				CEBF843B197FDE5400EBE976 /* Cocoa.framework in Frameworks */,
			);
			runOnlyForDeploymentPostprocessing = 0;
		};
		CEBF8455197FDE5400EBE976 /* Frameworks */ = {
			isa = PBXFrameworksBuildPhase;
			buildActionMask = 2147483647;
			files = (
				CEBF845B197FDE5400EBE976 /* Cocoa.framework in Frameworks */,
				CEBF845A197FDE5400EBE976 /* XCTest.framework in Frameworks */,
			);
			runOnlyForDeploymentPostprocessing = 0;
		};
/* End PBXFrameworksBuildPhase section */

/* Begin PBXGroup section */
		CEBF842E197FDE5400EBE976 = {
			isa = PBXGroup;
			children = (
				CEBF8440197FDE5400EBE976 /* MacGuarder */,
				CEBF845E197FDE5400EBE976 /* MacGuarderTests */,
				CEBF8439197FDE5400EBE976 /* Frameworks */,
				CEBF8438197FDE5400EBE976 /* Products */,
			);
			sourceTree = "<group>";
		};
		CEBF8438197FDE5400EBE976 /* Products */ = {
			isa = PBXGroup;
			children = (
				CEBF8437197FDE5400EBE976 /* MacGuarder.app */,
				CEBF8458197FDE5400EBE976 /* MacGuarderTests.xctest */,
			);
			name = Products;
			sourceTree = "<group>";
		};
		CEBF8439197FDE5400EBE976 /* Frameworks */ = {
			isa = PBXGroup;
			children = (
				CEBF849F197FE11700EBE976 /* libz.dylib */,
				CEBF843A197FDE5400EBE976 /* Cocoa.framework */,
				CEBF8459197FDE5400EBE976 /* XCTest.framework */,
				CEBF843C197FDE5400EBE976 /* Other Frameworks */,
			);
			name = Frameworks;
			sourceTree = "<group>";
		};
		CEBF843C197FDE5400EBE976 /* Other Frameworks */ = {
			isa = PBXGroup;
			children = (
				CEBF843D197FDE5400EBE976 /* AppKit.framework */,
				CEBF843E197FDE5400EBE976 /* CoreData.framework */,
				CEBF843F197FDE5400EBE976 /* Foundation.framework */,
			);
			name = "Other Frameworks";
			sourceTree = "<group>";
		};
		CEBF8440197FDE5400EBE976 /* MacGuarder */ = {
			isa = PBXGroup;
			children = (
				CEBF844C197FDE5400EBE976 /* AppDelegate.h */,
				CEBF844D197FDE5400EBE976 /* AppDelegate.m */,
				CEBF849B197FDF2200EBE976 /* Helper */,
				CEBF846E197FDEB500EBE976 /* GCDWebServer */,
				CEBF84A1197FE44C00EBE976 /* UI */,
				CEBF8441197FDE5400EBE976 /* Supporting Files */,
			);
			path = MacGuarder;
			sourceTree = "<group>";
		};
		CEBF8441197FDE5400EBE976 /* Supporting Files */ = {
			isa = PBXGroup;
			children = (
				CEBF8442197FDE5400EBE976 /* MacGuarder-Info.plist */,
				CEBF8443197FDE5400EBE976 /* InfoPlist.strings */,
				CEBF8446197FDE5400EBE976 /* main.m */,
				CEBF8448197FDE5400EBE976 /* MacGuarder-Prefix.pch */,
				CEBF8449197FDE5400EBE976 /* Credits.rtf */,
			);
			name = "Supporting Files";
			sourceTree = "<group>";
		};
		CEBF845E197FDE5400EBE976 /* MacGuarderTests */ = {
			isa = PBXGroup;
			children = (
				CEBF8464197FDE5400EBE976 /* MacGuarderTests.m */,
				CEBF845F197FDE5400EBE976 /* Supporting Files */,
			);
			path = MacGuarderTests;
			sourceTree = "<group>";
		};
		CEBF845F197FDE5400EBE976 /* Supporting Files */ = {
			isa = PBXGroup;
			children = (
				CEBF8460197FDE5400EBE976 /* MacGuarderTests-Info.plist */,
				CEBF8461197FDE5400EBE976 /* InfoPlist.strings */,
			);
			name = "Supporting Files";
			sourceTree = "<group>";
		};
		CEBF846E197FDEB500EBE976 /* GCDWebServer */ = {
			isa = PBXGroup;
			children = (
				CEBF846F197FDEB500EBE976 /* Core */,
				CEBF847C197FDEB500EBE976 /* Requests */,
				CEBF8485197FDEB500EBE976 /* Responses */,
			);
			path = GCDWebServer;
			sourceTree = "<group>";
		};
		CEBF846F197FDEB500EBE976 /* Core */ = {
			isa = PBXGroup;
			children = (
				CEBF8470197FDEB500EBE976 /* GCDWebServer.h */,
				CEBF8471197FDEB500EBE976 /* GCDWebServer.m */,
				CEBF8472197FDEB500EBE976 /* GCDWebServerConnection.h */,
				CEBF8473197FDEB500EBE976 /* GCDWebServerConnection.m */,
				CEBF8474197FDEB500EBE976 /* GCDWebServerFunctions.h */,
				CEBF8475197FDEB500EBE976 /* GCDWebServerFunctions.m */,
				CEBF8476197FDEB500EBE976 /* GCDWebServerHTTPStatusCodes.h */,
				CEBF8477197FDEB500EBE976 /* GCDWebServerPrivate.h */,
				CEBF8478197FDEB500EBE976 /* GCDWebServerRequest.h */,
				CEBF8479197FDEB500EBE976 /* GCDWebServerRequest.m */,
				CEBF847A197FDEB500EBE976 /* GCDWebServerResponse.h */,
				CEBF847B197FDEB500EBE976 /* GCDWebServerResponse.m */,
			);
			path = Core;
			sourceTree = "<group>";
		};
		CEBF847C197FDEB500EBE976 /* Requests */ = {
			isa = PBXGroup;
			children = (
				CEBF847D197FDEB500EBE976 /* GCDWebServerDataRequest.h */,
				CEBF847E197FDEB500EBE976 /* GCDWebServerDataRequest.m */,
				CEBF847F197FDEB500EBE976 /* GCDWebServerFileRequest.h */,
				CEBF8480197FDEB500EBE976 /* GCDWebServerFileRequest.m */,
				CEBF8481197FDEB500EBE976 /* GCDWebServerMultiPartFormRequest.h */,
				CEBF8482197FDEB500EBE976 /* GCDWebServerMultiPartFormRequest.m */,
				CEBF8483197FDEB500EBE976 /* GCDWebServerURLEncodedFormRequest.h */,
				CEBF8484197FDEB500EBE976 /* GCDWebServerURLEncodedFormRequest.m */,
			);
			path = Requests;
			sourceTree = "<group>";
		};
		CEBF8485197FDEB500EBE976 /* Responses */ = {
			isa = PBXGroup;
			children = (
				CEBF8486197FDEB500EBE976 /* GCDWebServerDataResponse.h */,
				CEBF8487197FDEB500EBE976 /* GCDWebServerDataResponse.m */,
				CEBF8488197FDEB500EBE976 /* GCDWebServerErrorResponse.h */,
				CEBF8489197FDEB500EBE976 /* GCDWebServerErrorResponse.m */,
				CEBF848A197FDEB500EBE976 /* GCDWebServerFileResponse.h */,
				CEBF848B197FDEB500EBE976 /* GCDWebServerFileResponse.m */,
				CEBF848C197FDEB500EBE976 /* GCDWebServerStreamedResponse.h */,
				CEBF848D197FDEB500EBE976 /* GCDWebServerStreamedResponse.m */,
			);
			path = Responses;
			sourceTree = "<group>";
		};
		CEBF849B197FDF2200EBE976 /* Helper */ = {
			isa = PBXGroup;
			children = (
				CEBF849C197FDF2200EBE976 /* MacGuarderHelper.h */,
				CEBF849D197FDF2200EBE976 /* MacGuarderHelper.m */,
			);
			path = Helper;
			sourceTree = "<group>";
		};
		CEBF84A1197FE44C00EBE976 /* UI */ = {
			isa = PBXGroup;
			children = (
				CEBF844F197FDE5400EBE976 /* MainMenu.xib */,
				CEBF8452197FDE5400EBE976 /* Images.xcassets */,
			);
			name = UI;
			sourceTree = "<group>";
		};
/* End PBXGroup section */

/* Begin PBXNativeTarget section */
		CEBF8436197FDE5400EBE976 /* MacGuarder */ = {
			isa = PBXNativeTarget;
			buildConfigurationList = CEBF8468197FDE5400EBE976 /* Build configuration list for PBXNativeTarget "MacGuarder" */;
			buildPhases = (
				CEBF8433197FDE5400EBE976 /* Sources */,
				CEBF8434197FDE5400EBE976 /* Frameworks */,
				CEBF8435197FDE5400EBE976 /* Resources */,
			);
			buildRules = (
			);
			dependencies = (
			);
			name = MacGuarder;
			productName = MacGuarder;
			productReference = CEBF8437197FDE5400EBE976 /* MacGuarder.app */;
			productType = "com.apple.product-type.application";
		};
		CEBF8457197FDE5400EBE976 /* MacGuarderTests */ = {
			isa = PBXNativeTarget;
			buildConfigurationList = CEBF846B197FDE5400EBE976 /* Build configuration list for PBXNativeTarget "MacGuarderTests" */;
			buildPhases = (
				CEBF8454197FDE5400EBE976 /* Sources */,
				CEBF8455197FDE5400EBE976 /* Frameworks */,
				CEBF8456197FDE5400EBE976 /* Resources */,
			);
			buildRules = (
			);
			dependencies = (
				CEBF845D197FDE5400EBE976 /* PBXTargetDependency */,
			);
			name = MacGuarderTests;
			productName = MacGuarderTests;
			productReference = CEBF8458197FDE5400EBE976 /* MacGuarderTests.xctest */;
			productType = "com.apple.product-type.bundle.unit-test";
		};
/* End PBXNativeTarget section */

/* Begin PBXProject section */
		CEBF842F197FDE5400EBE976 /* Project object */ = {
			isa = PBXProject;
			attributes = {
				LastUpgradeCheck = 0510;
				ORGANIZATIONNAME = TrendMicro;
				TargetAttributes = {
					CEBF8457197FDE5400EBE976 = {
						TestTargetID = CEBF8436197FDE5400EBE976;
					};
				};
			};
			buildConfigurationList = CEBF8432197FDE5400EBE976 /* Build configuration list for PBXProject "MacGuarder" */;
			compatibilityVersion = "Xcode 3.2";
			developmentRegion = English;
			hasScannedForEncodings = 0;
			knownRegions = (
				en,
				Base,
			);
			mainGroup = CEBF842E197FDE5400EBE976;
			productRefGroup = CEBF8438197FDE5400EBE976 /* Products */;
			projectDirPath = "";
			projectRoot = "";
			targets = (
				CEBF8436197FDE5400EBE976 /* MacGuarder */,
				CEBF8457197FDE5400EBE976 /* MacGuarderTests */,
			);
		};
/* End PBXProject section */

/* Begin PBXResourcesBuildPhase section */
		CEBF8435197FDE5400EBE976 /* Resources */ = {
			isa = PBXResourcesBuildPhase;
			buildActionMask = 2147483647;
			files = (
				CEBF8445197FDE5400EBE976 /* InfoPlist.strings in Resources */,
				CEBF8453197FDE5400EBE976 /* Images.xcassets in Resources */,
				CEBF844B197FDE5400EBE976 /* Credits.rtf in Resources */,
				CEBF8451197FDE5400EBE976 /* MainMenu.xib in Resources */,
			);
			runOnlyForDeploymentPostprocessing = 0;
		};
		CEBF8456197FDE5400EBE976 /* Resources */ = {
			isa = PBXResourcesBuildPhase;
			buildActionMask = 2147483647;
			files = (
				CEBF8463197FDE5400EBE976 /* InfoPlist.strings in Resources */,
			);
			runOnlyForDeploymentPostprocessing = 0;
		};
/* End PBXResourcesBuildPhase section */

/* Begin PBXSourcesBuildPhase section */
		CEBF8433197FDE5400EBE976 /* Sources */ = {
			isa = PBXSourcesBuildPhase;
			buildActionMask = 2147483647;
			files = (
				CEBF844E197FDE5400EBE976 /* AppDelegate.m in Sources */,
				CEBF8490197FDEB500EBE976 /* GCDWebServerFunctions.m in Sources */,
				CEBF8493197FDEB500EBE976 /* GCDWebServerDataRequest.m in Sources */,
				CEBF849A197FDEB500EBE976 /* GCDWebServerStreamedResponse.m in Sources */,
				CEBF8499197FDEB500EBE976 /* GCDWebServerFileResponse.m in Sources */,
				CEBF8447197FDE5400EBE976 /* main.m in Sources */,
				CEBF8496197FDEB500EBE976 /* GCDWebServerURLEncodedFormRequest.m in Sources */,
				CEBF848F197FDEB500EBE976 /* GCDWebServerConnection.m in Sources */,
				CEBF849E197FDF2200EBE976 /* MacGuarderHelper.m in Sources */,
				CEBF8494197FDEB500EBE976 /* GCDWebServerFileRequest.m in Sources */,
				CEBF8492197FDEB500EBE976 /* GCDWebServerResponse.m in Sources */,
				CEBF8491197FDEB500EBE976 /* GCDWebServerRequest.m in Sources */,
				CEBF8498197FDEB500EBE976 /* GCDWebServerErrorResponse.m in Sources */,
				CEBF8497197FDEB500EBE976 /* GCDWebServerDataResponse.m in Sources */,
				CEBF848E197FDEB500EBE976 /* GCDWebServer.m in Sources */,
				CEBF8495197FDEB500EBE976 /* GCDWebServerMultiPartFormRequest.m in Sources */,
			);
			runOnlyForDeploymentPostprocessing = 0;
		};
		CEBF8454197FDE5400EBE976 /* Sources */ = {
			isa = PBXSourcesBuildPhase;
			buildActionMask = 2147483647;
			files = (
				CEBF8465197FDE5400EBE976 /* MacGuarderTests.m in Sources */,
			);
			runOnlyForDeploymentPostprocessing = 0;
		};
/* End PBXSourcesBuildPhase section */

/* Begin PBXTargetDependency section */
		CEBF845D197FDE5400EBE976 /* PBXTargetDependency */ = {
			isa = PBXTargetDependency;
			target = CEBF8436197FDE5400EBE976 /* MacGuarder */;
			targetProxy = CEBF845C197FDE5400EBE976 /* PBXContainerItemProxy */;
		};
/* End PBXTargetDependency section */

/* Begin PBXVariantGroup section */
		CEBF8443197FDE5400EBE976 /* InfoPlist.strings */ = {
			isa = PBXVariantGroup;
			children = (
				CEBF8444197FDE5400EBE976 /* en */,
			);
			name = InfoPlist.strings;
			sourceTree = "<group>";
		};
		CEBF8449197FDE5400EBE976 /* Credits.rtf */ = {
			isa = PBXVariantGroup;
			children = (
				CEBF844A197FDE5400EBE976 /* en */,
			);
			name = Credits.rtf;
			sourceTree = "<group>";
		};
		CEBF844F197FDE5400EBE976 /* MainMenu.xib */ = {
			isa = PBXVariantGroup;
			children = (
				CEBF8450197FDE5400EBE976 /* Base */,
			);
			name = MainMenu.xib;
			sourceTree = "<group>";
		};
		CEBF8461197FDE5400EBE976 /* InfoPlist.strings */ = {
			isa = PBXVariantGroup;
			children = (
				CEBF8462197FDE5400EBE976 /* en */,
			);
			name = InfoPlist.strings;
			sourceTree = "<group>";
		};
/* End PBXVariantGroup section */

/* Begin XCBuildConfiguration section */
		CEBF8466197FDE5400EBE976 /* Debug */ = {
			isa = XCBuildConfiguration;
			buildSettings = {
				ALWAYS_SEARCH_USER_PATHS = NO;
				CLANG_CXX_LANGUAGE_STANDARD = "gnu++0x";
				CLANG_CXX_LIBRARY = "libc++";
				CLANG_ENABLE_MODULES = YES;
				CLANG_ENABLE_OBJC_ARC = YES;
				CLANG_WARN_BOOL_CONVERSION = YES;
				CLANG_WARN_CONSTANT_CONVERSION = YES;
				CLANG_WARN_DIRECT_OBJC_ISA_USAGE = YES_ERROR;
				CLANG_WARN_EMPTY_BODY = YES;
				CLANG_WARN_ENUM_CONVERSION = YES;
				CLANG_WARN_INT_CONVERSION = YES;
				CLANG_WARN_OBJC_ROOT_CLASS = YES_ERROR;
				CLANG_WARN__DUPLICATE_METHOD_MATCH = YES;
				COPY_PHASE_STRIP = NO;
				GCC_C_LANGUAGE_STANDARD = gnu99;
				GCC_DYNAMIC_NO_PIC = NO;
				GCC_ENABLE_OBJC_EXCEPTIONS = YES;
				GCC_OPTIMIZATION_LEVEL = 0;
				GCC_PREPROCESSOR_DEFINITIONS = (
					"DEBUG=1",
					"$(inherited)",
				);
				GCC_SYMBOLS_PRIVATE_EXTERN = NO;
				GCC_WARN_64_TO_32_BIT_CONVERSION = YES;
				GCC_WARN_ABOUT_RETURN_TYPE = YES_ERROR;
				GCC_WARN_UNDECLARED_SELECTOR = YES;
				GCC_WARN_UNINITIALIZED_AUTOS = YES_AGGRESSIVE;
				GCC_WARN_UNUSED_FUNCTION = YES;
				GCC_WARN_UNUSED_VARIABLE = YES;
				MACOSX_DEPLOYMENT_TARGET = 10.9;
				ONLY_ACTIVE_ARCH = YES;
				SDKROOT = macosx;
			};
			name = Debug;
		};
		CEBF8467197FDE5400EBE976 /* Release */ = {
			isa = XCBuildConfiguration;
			buildSettings = {
				ALWAYS_SEARCH_USER_PATHS = NO;
				CLANG_CXX_LANGUAGE_STANDARD = "gnu++0x";
				CLANG_CXX_LIBRARY = "libc++";
				CLANG_ENABLE_MODULES = YES;
				CLANG_ENABLE_OBJC_ARC = YES;
				CLANG_WARN_BOOL_CONVERSION = YES;
				CLANG_WARN_CONSTANT_CONVERSION = YES;
				CLANG_WARN_DIRECT_OBJC_ISA_USAGE = YES_ERROR;
				CLANG_WARN_EMPTY_BODY = YES;
				CLANG_WARN_ENUM_CONVERSION = YES;
				CLANG_WARN_INT_CONVERSION = YES;
				CLANG_WARN_OBJC_ROOT_CLASS = YES_ERROR;
				CLANG_WARN__DUPLICATE_METHOD_MATCH = YES;
				COPY_PHASE_STRIP = YES;
				DEBUG_INFORMATION_FORMAT = "dwarf-with-dsym";
				ENABLE_NS_ASSERTIONS = NO;
				GCC_C_LANGUAGE_STANDARD = gnu99;
				GCC_ENABLE_OBJC_EXCEPTIONS = YES;
				GCC_WARN_64_TO_32_BIT_CONVERSION = YES;
				GCC_WARN_ABOUT_RETURN_TYPE = YES_ERROR;
				GCC_WARN_UNDECLARED_SELECTOR = YES;
				GCC_WARN_UNINITIALIZED_AUTOS = YES_AGGRESSIVE;
				GCC_WARN_UNUSED_FUNCTION = YES;
				GCC_WARN_UNUSED_VARIABLE = YES;
				MACOSX_DEPLOYMENT_TARGET = 10.9;
				SDKROOT = macosx;
			};
			name = Release;
		};
		CEBF8469197FDE5400EBE976 /* Debug */ = {
			isa = XCBuildConfiguration;
			buildSettings = {
				ASSETCATALOG_COMPILER_APPICON_NAME = AppIcon;
				CLANG_ENABLE_OBJC_ARC = NO;
				COMBINE_HIDPI_IMAGES = YES;
				GCC_PRECOMPILE_PREFIX_HEADER = YES;
				GCC_PREFIX_HEADER = "MacGuarder/MacGuarder-Prefix.pch";
				INFOPLIST_FILE = "MacGuarder/MacGuarder-Info.plist";
				PRODUCT_NAME = "$(TARGET_NAME)";
				WRAPPER_EXTENSION = app;
			};
			name = Debug;
		};
		CEBF846A197FDE5400EBE976 /* Release */ = {
			isa = XCBuildConfiguration;
			buildSettings = {
				ASSETCATALOG_COMPILER_APPICON_NAME = AppIcon;
				CLANG_ENABLE_OBJC_ARC = NO;
				COMBINE_HIDPI_IMAGES = YES;
				GCC_PRECOMPILE_PREFIX_HEADER = YES;
				GCC_PREFIX_HEADER = "MacGuarder/MacGuarder-Prefix.pch";
				INFOPLIST_FILE = "MacGuarder/MacGuarder-Info.plist";
				PRODUCT_NAME = "$(TARGET_NAME)";
				WRAPPER_EXTENSION = app;
			};
			name = Release;
		};
		CEBF846C197FDE5400EBE976 /* Debug */ = {
			isa = XCBuildConfiguration;
			buildSettings = {
				BUNDLE_LOADER = "$(BUILT_PRODUCTS_DIR)/MacGuarder.app/Contents/MacOS/MacGuarder";
				COMBINE_HIDPI_IMAGES = YES;
				FRAMEWORK_SEARCH_PATHS = (
					"$(DEVELOPER_FRAMEWORKS_DIR)",
					"$(inherited)",
				);
				GCC_PRECOMPILE_PREFIX_HEADER = YES;
				GCC_PREFIX_HEADER = "MacGuarder/MacGuarder-Prefix.pch";
				GCC_PREPROCESSOR_DEFINITIONS = (
					"DEBUG=1",
					"$(inherited)",
				);
				INFOPLIST_FILE = "MacGuarderTests/MacGuarderTests-Info.plist";
				PRODUCT_NAME = "$(TARGET_NAME)";
				TEST_HOST = "$(BUNDLE_LOADER)";
				WRAPPER_EXTENSION = xctest;
			};
			name = Debug;
		};
		CEBF846D197FDE5400EBE976 /* Release */ = {
			isa = XCBuildConfiguration;
			buildSettings = {
				BUNDLE_LOADER = "$(BUILT_PRODUCTS_DIR)/MacGuarder.app/Contents/MacOS/MacGuarder";
				COMBINE_HIDPI_IMAGES = YES;
				FRAMEWORK_SEARCH_PATHS = (
					"$(DEVELOPER_FRAMEWORKS_DIR)",
					"$(inherited)",
				);
				GCC_PRECOMPILE_PREFIX_HEADER = YES;
				GCC_PREFIX_HEADER = "MacGuarder/MacGuarder-Prefix.pch";
				INFOPLIST_FILE = "MacGuarderTests/MacGuarderTests-Info.plist";
				PRODUCT_NAME = "$(TARGET_NAME)";
				TEST_HOST = "$(BUNDLE_LOADER)";
				WRAPPER_EXTENSION = xctest;
			};
			name = Release;
		};
/* End XCBuildConfiguration section */

/* Begin XCConfigurationList section */
		CEBF8432197FDE5400EBE976 /* Build configuration list for PBXProject "MacGuarder" */ = {
			isa = XCConfigurationList;
			buildConfigurations = (
				CEBF8466197FDE5400EBE976 /* Debug */,
				CEBF8467197FDE5400EBE976 /* Release */,
			);
			defaultConfigurationIsVisible = 0;
			defaultConfigurationName = Release;
		};
		CEBF8468197FDE5400EBE976 /* Build configuration list for PBXNativeTarget "MacGuarder" */ = {
			isa = XCConfigurationList;
			buildConfigurations = (
				CEBF8469197FDE5400EBE976 /* Debug */,
				CEBF846A197FDE5400EBE976 /* Release */,
			);
			defaultConfigurationIsVisible = 0;
		};
		CEBF846B197FDE5400EBE976 /* Build configuration list for PBXNativeTarget "MacGuarderTests" */ = {
			isa = XCConfigurationList;
			buildConfigurations = (
				CEBF846C197FDE5400EBE976 /* Debug */,
				CEBF846D197FDE5400EBE976 /* Release */,
			);
			defaultConfigurationIsVisible = 0;
		};
/* End XCConfigurationList section */
	};
	rootObject = CEBF842F197FDE5400EBE976 /* Project object */;
}
