// !$*UTF8*$!
{
	archiveVersion = 1;
	classes = {
	};
	objectVersion = 46;
	objects = {

/* Begin PBXBuildFile section */
		CE420BA2198794F10026B346 /* DevicesConfig.plist in Resources */ = {isa = PBXBuildFile; fileRef = CE420BA1198794F10026B346 /* DevicesConfig.plist */; };
		CE420BA51987B7070026B346 /* UserInfo.plist in Resources */ = {isa = PBXBuildFile; fileRef = CE420BA41987B7070026B346 /* UserInfo.plist */; };
		CEBF843B197FDE5400EBE976 /* Cocoa.framework in Frameworks */ = {isa = PBXBuildFile; fileRef = CEBF843A197FDE5400EBE976 /* Cocoa.framework */; };
		CEBF8445197FDE5400EBE976 /* InfoPlist.strings in Resources */ = {isa = PBXBuildFile; fileRef = CEBF8443197FDE5400EBE976 /* InfoPlist.strings */; };
		CEBF8447197FDE5400EBE976 /* main.m in Sources */ = {isa = PBXBuildFile; fileRef = CEBF8446197FDE5400EBE976 /* main.m */; };
		CEBF844B197FDE5400EBE976 /* Credits.rtf in Resources */ = {isa = PBXBuildFile; fileRef = CEBF8449197FDE5400EBE976 /* Credits.rtf */; };
		CEBF844E197FDE5400EBE976 /* AppDelegate.m in Sources */ = {isa = PBXBuildFile; fileRef = CEBF844D197FDE5400EBE976 /* AppDelegate.m */; };
		CEBF8451197FDE5400EBE976 /* MainMenu.xib in Resources */ = {isa = PBXBuildFile; fileRef = CEBF844F197FDE5400EBE976 /* MainMenu.xib */; };
		CEBF8453197FDE5400EBE976 /* Images.xcassets in Resources */ = {isa = PBXBuildFile; fileRef = CEBF8452197FDE5400EBE976 /* Images.xcassets */; };
		CEBF845A197FDE5400EBE976 /* XCTest.framework in Frameworks */ = {isa = PBXBuildFile; fileRef = CEBF8459197FDE5400EBE976 /* XCTest.framework */; };
		CEBF845B197FDE5400EBE976 /* Cocoa.framework in Frameworks */ = {isa = PBXBuildFile; fileRef = CEBF843A197FDE5400EBE976 /* Cocoa.framework */; };
		CEBF8463197FDE5400EBE976 /* InfoPlist.strings in Resources */ = {isa = PBXBuildFile; fileRef = CEBF8461197FDE5400EBE976 /* InfoPlist.strings */; };
		CEBF8465197FDE5400EBE976 /* MacGuarderTests.m in Sources */ = {isa = PBXBuildFile; fileRef = CEBF8464197FDE5400EBE976 /* MacGuarderTests.m */; };
		CEBF849E197FDF2200EBE976 /* MacGuarderHelper.m in Sources */ = {isa = PBXBuildFile; fileRef = CEBF849D197FDF2200EBE976 /* MacGuarderHelper.m */; };
		CEBF84A61980AD2300EBE976 /* DeviceTracker.m in Sources */ = {isa = PBXBuildFile; fileRef = CEBF84A51980AD2300EBE976 /* DeviceTracker.m */; };
		CEBF84A91980AD3400EBE976 /* DeviceKeeper.m in Sources */ = {isa = PBXBuildFile; fileRef = CEBF84A81980AD3400EBE976 /* DeviceKeeper.m */; };
		CEBF84AB1980B2F600EBE976 /* IOBluetooth.framework in Frameworks */ = {isa = PBXBuildFile; fileRef = CEBF84AA1980B2F600EBE976 /* IOBluetooth.framework */; };
		CEBF84AD1980B2FD00EBE976 /* IOBluetoothUI.framework in Frameworks */ = {isa = PBXBuildFile; fileRef = CEBF84AC1980B2FD00EBE976 /* IOBluetoothUI.framework */; };
		CEBF84B01980B61300EBE976 /* RSSISmootheningFilter.m in Sources */ = {isa = PBXBuildFile; fileRef = CEBF84AF1980B61300EBE976 /* RSSISmootheningFilter.m */; };
/* End PBXBuildFile section */

/* Begin PBXContainerItemProxy section */
		CEBF845C197FDE5400EBE976 /* PBXContainerItemProxy */ = {
			isa = PBXContainerItemProxy;
			containerPortal = CEBF842F197FDE5400EBE976 /* Project object */;
			proxyType = 1;
			remoteGlobalIDString = CEBF8436197FDE5400EBE976;
			remoteInfo = MacGuarder;
		};
/* End PBXContainerItemProxy section */

/* Begin PBXFileReference section */
		CE420BA1198794F10026B346 /* DevicesConfig.plist */ = {isa = PBXFileReference; fileEncoding = 4; lastKnownFileType = text.plist.xml; path = DevicesConfig.plist; sourceTree = "<group>"; };
		CE420BA41987B7070026B346 /* UserInfo.plist */ = {isa = PBXFileReference; fileEncoding = 4; lastKnownFileType = text.plist.xml; path = UserInfo.plist; sourceTree = "<group>"; };
		CEBF8437197FDE5400EBE976 /* MacGuarder.app */ = {isa = PBXFileReference; explicitFileType = wrapper.application; includeInIndex = 0; path = MacGuarder.app; sourceTree = BUILT_PRODUCTS_DIR; };
		CEBF843A197FDE5400EBE976 /* Cocoa.framework */ = {isa = PBXFileReference; lastKnownFileType = wrapper.framework; name = Cocoa.framework; path = System/Library/Frameworks/Cocoa.framework; sourceTree = SDKROOT; };
		CEBF843D197FDE5400EBE976 /* AppKit.framework */ = {isa = PBXFileReference; lastKnownFileType = wrapper.framework; name = AppKit.framework; path = System/Library/Frameworks/AppKit.framework; sourceTree = SDKROOT; };
		CEBF843E197FDE5400EBE976 /* CoreData.framework */ = {isa = PBXFileReference; lastKnownFileType = wrapper.framework; name = CoreData.framework; path = System/Library/Frameworks/CoreData.framework; sourceTree = SDKROOT; };
		CEBF843F197FDE5400EBE976 /* Foundation.framework */ = {isa = PBXFileReference; lastKnownFileType = wrapper.framework; name = Foundation.framework; path = System/Library/Frameworks/Foundation.framework; sourceTree = SDKROOT; };
		CEBF8442197FDE5400EBE976 /* MacGuarder-Info.plist */ = {isa = PBXFileReference; lastKnownFileType = text.plist.xml; path = "MacGuarder-Info.plist"; sourceTree = "<group>"; };
		CEBF8444197FDE5400EBE976 /* en */ = {isa = PBXFileReference; lastKnownFileType = text.plist.strings; name = en; path = en.lproj/InfoPlist.strings; sourceTree = "<group>"; };
		CEBF8446197FDE5400EBE976 /* main.m */ = {isa = PBXFileReference; lastKnownFileType = sourcecode.c.objc; path = main.m; sourceTree = "<group>"; };
		CEBF8448197FDE5400EBE976 /* MacGuarder-Prefix.pch */ = {isa = PBXFileReference; lastKnownFileType = sourcecode.c.h; path = "MacGuarder-Prefix.pch"; sourceTree = "<group>"; };
		CEBF844A197FDE5400EBE976 /* en */ = {isa = PBXFileReference; lastKnownFileType = text.rtf; name = en; path = en.lproj/Credits.rtf; sourceTree = "<group>"; };
		CEBF844C197FDE5400EBE976 /* AppDelegate.h */ = {isa = PBXFileReference; lastKnownFileType = sourcecode.c.h; path = AppDelegate.h; sourceTree = "<group>"; };
		CEBF844D197FDE5400EBE976 /* AppDelegate.m */ = {isa = PBXFileReference; lastKnownFileType = sourcecode.c.objc; path = AppDelegate.m; sourceTree = "<group>"; };
		CEBF8450197FDE5400EBE976 /* Base */ = {isa = PBXFileReference; lastKnownFileType = file.xib; name = Base; path = Base.lproj/MainMenu.xib; sourceTree = "<group>"; };
		CEBF8452197FDE5400EBE976 /* Images.xcassets */ = {isa = PBXFileReference; lastKnownFileType = folder.assetcatalog; path = Images.xcassets; sourceTree = "<group>"; };
		CEBF8458197FDE5400EBE976 /* MacGuarderTests.xctest */ = {isa = PBXFileReference; explicitFileType = wrapper.cfbundle; includeInIndex = 0; path = MacGuarderTests.xctest; sourceTree = BUILT_PRODUCTS_DIR; };
		CEBF8459197FDE5400EBE976 /* XCTest.framework */ = {isa = PBXFileReference; lastKnownFileType = wrapper.framework; name = XCTest.framework; path = Library/Frameworks/XCTest.framework; sourceTree = DEVELOPER_DIR; };
		CEBF8460197FDE5400EBE976 /* MacGuarderTests-Info.plist */ = {isa = PBXFileReference; lastKnownFileType = text.plist.xml; path = "MacGuarderTests-Info.plist"; sourceTree = "<group>"; };
		CEBF8462197FDE5400EBE976 /* en */ = {isa = PBXFileReference; lastKnownFileType = text.plist.strings; name = en; path = en.lproj/InfoPlist.strings; sourceTree = "<group>"; };
		CEBF8464197FDE5400EBE976 /* MacGuarderTests.m */ = {isa = PBXFileReference; lastKnownFileType = sourcecode.c.objc; path = MacGuarderTests.m; sourceTree = "<group>"; };
		CEBF849C197FDF2200EBE976 /* MacGuarderHelper.h */ = {isa = PBXFileReference; fileEncoding = 4; lastKnownFileType = sourcecode.c.h; path = MacGuarderHelper.h; sourceTree = "<group>"; };
		CEBF849D197FDF2200EBE976 /* MacGuarderHelper.m */ = {isa = PBXFileReference; fileEncoding = 4; lastKnownFileType = sourcecode.c.objc; path = MacGuarderHelper.m; sourceTree = "<group>"; };
		CEBF84A41980AD2300EBE976 /* DeviceTracker.h */ = {isa = PBXFileReference; fileEncoding = 4; lastKnownFileType = sourcecode.c.h; path = DeviceTracker.h; sourceTree = "<group>"; };
		CEBF84A51980AD2300EBE976 /* DeviceTracker.m */ = {isa = PBXFileReference; fileEncoding = 4; lastKnownFileType = sourcecode.c.objc; path = DeviceTracker.m; sourceTree = "<group>"; };
		CEBF84A71980AD3400EBE976 /* DeviceKeeper.h */ = {isa = PBXFileReference; fileEncoding = 4; lastKnownFileType = sourcecode.c.h; path = DeviceKeeper.h; sourceTree = "<group>"; };
		CEBF84A81980AD3400EBE976 /* DeviceKeeper.m */ = {isa = PBXFileReference; fileEncoding = 4; lastKnownFileType = sourcecode.c.objc; path = DeviceKeeper.m; sourceTree = "<group>"; };
		CEBF84AA1980B2F600EBE976 /* IOBluetooth.framework */ = {isa = PBXFileReference; lastKnownFileType = wrapper.framework; name = IOBluetooth.framework; path = System/Library/Frameworks/IOBluetooth.framework; sourceTree = SDKROOT; };
		CEBF84AC1980B2FD00EBE976 /* IOBluetoothUI.framework */ = {isa = PBXFileReference; lastKnownFileType = wrapper.framework; name = IOBluetoothUI.framework; path = System/Library/Frameworks/IOBluetoothUI.framework; sourceTree = SDKROOT; };
		CEBF84AE1980B61300EBE976 /* RSSISmootheningFilter.h */ = {isa = PBXFileReference; fileEncoding = 4; lastKnownFileType = sourcecode.c.h; path = RSSISmootheningFilter.h; sourceTree = "<group>"; };
		CEBF84AF1980B61300EBE976 /* RSSISmootheningFilter.m */ = {isa = PBXFileReference; fileEncoding = 4; lastKnownFileType = sourcecode.c.objc; path = RSSISmootheningFilter.m; sourceTree = "<group>"; };
/* End PBXFileReference section */

/* Begin PBXFrameworksBuildPhase section */
		CEBF8434197FDE5400EBE976 /* Frameworks */ = {
			isa = PBXFrameworksBuildPhase;
			buildActionMask = 2147483647;
			files = (
				CEBF84AD1980B2FD00EBE976 /* IOBluetoothUI.framework in Frameworks */,
				CEBF84AB1980B2F600EBE976 /* IOBluetooth.framework in Frameworks */,
				CEBF843B197FDE5400EBE976 /* Cocoa.framework in Frameworks */,
			);
			runOnlyForDeploymentPostprocessing = 0;
		};
		CEBF8455197FDE5400EBE976 /* Frameworks */ = {
			isa = PBXFrameworksBuildPhase;
			buildActionMask = 2147483647;
			files = (
				CEBF845B197FDE5400EBE976 /* Cocoa.framework in Frameworks */,
				CEBF845A197FDE5400EBE976 /* XCTest.framework in Frameworks */,
			);
			runOnlyForDeploymentPostprocessing = 0;
		};
/* End PBXFrameworksBuildPhase section */

/* Begin PBXGroup section */
		CEBF842E197FDE5400EBE976 = {
			isa = PBXGroup;
			children = (
				CEBF8440197FDE5400EBE976 /* MacGuarder */,
				CEBF845E197FDE5400EBE976 /* MacGuarderTests */,
				CEBF8439197FDE5400EBE976 /* Frameworks */,
				CEBF8438197FDE5400EBE976 /* Products */,
			);
			sourceTree = "<group>";
		};
		CEBF8438197FDE5400EBE976 /* Products */ = {
			isa = PBXGroup;
			children = (
				CEBF8437197FDE5400EBE976 /* MacGuarder.app */,
				CEBF8458197FDE5400EBE976 /* MacGuarderTests.xctest */,
			);
			name = Products;
			sourceTree = "<group>";
		};
		CEBF8439197FDE5400EBE976 /* Frameworks */ = {
			isa = PBXGroup;
			children = (
				CEBF84AC1980B2FD00EBE976 /* IOBluetoothUI.framework */,
				CEBF84AA1980B2F600EBE976 /* IOBluetooth.framework */,
				CEBF843A197FDE5400EBE976 /* Cocoa.framework */,
				CEBF8459197FDE5400EBE976 /* XCTest.framework */,
				CEBF843C197FDE5400EBE976 /* Other Frameworks */,
			);
			name = Frameworks;
			sourceTree = "<group>";
		};
		CEBF843C197FDE5400EBE976 /* Other Frameworks */ = {
			isa = PBXGroup;
			children = (
				CEBF843D197FDE5400EBE976 /* AppKit.framework */,
				CEBF843E197FDE5400EBE976 /* CoreData.framework */,
				CEBF843F197FDE5400EBE976 /* Foundation.framework */,
			);
			name = "Other Frameworks";
			sourceTree = "<group>";
		};
		CEBF8440197FDE5400EBE976 /* MacGuarder */ = {
			isa = PBXGroup;
			children = (
				CEBF844C197FDE5400EBE976 /* AppDelegate.h */,
				CEBF844D197FDE5400EBE976 /* AppDelegate.m */,
				CEBF84A31980ACB700EBE976 /* DeviceTracker */,
				CEBF84A21980ACA000EBE976 /* DeviceKeeper */,
				CEBF849B197FDF2200EBE976 /* Helper */,
				CEBF84A1197FE44C00EBE976 /* UI */,
				CEBF8441197FDE5400EBE976 /* Supporting Files */,
			);
			path = MacGuarder;
			sourceTree = "<group>";
		};
		CEBF8441197FDE5400EBE976 /* Supporting Files */ = {
			isa = PBXGroup;
			children = (
				CEBF8442197FDE5400EBE976 /* MacGuarder-Info.plist */,
				CEBF8443197FDE5400EBE976 /* InfoPlist.strings */,
				CEBF8446197FDE5400EBE976 /* main.m */,
				CEBF8448197FDE5400EBE976 /* MacGuarder-Prefix.pch */,
				CEBF8449197FDE5400EBE976 /* Credits.rtf */,
			);
			name = "Supporting Files";
			sourceTree = "<group>";
		};
		CEBF845E197FDE5400EBE976 /* MacGuarderTests */ = {
			isa = PBXGroup;
			children = (
				CEBF8464197FDE5400EBE976 /* MacGuarderTests.m */,
				CEBF845F197FDE5400EBE976 /* Supporting Files */,
			);
			path = MacGuarderTests;
			sourceTree = "<group>";
		};
		CEBF845F197FDE5400EBE976 /* Supporting Files */ = {
			isa = PBXGroup;
			children = (
				CEBF8460197FDE5400EBE976 /* MacGuarderTests-Info.plist */,
				CEBF8461197FDE5400EBE976 /* InfoPlist.strings */,
			);
			name = "Supporting Files";
			sourceTree = "<group>";
		};
		CEBF849B197FDF2200EBE976 /* Helper */ = {
			isa = PBXGroup;
			children = (
				CEBF849C197FDF2200EBE976 /* MacGuarderHelper.h */,
				CEBF849D197FDF2200EBE976 /* MacGuarderHelper.m */,
			);
			path = Helper;
			sourceTree = "<group>";
		};
		CEBF84A1197FE44C00EBE976 /* UI */ = {
			isa = PBXGroup;
			children = (
				CEBF844F197FDE5400EBE976 /* MainMenu.xib */,
				CEBF8452197FDE5400EBE976 /* Images.xcassets */,
			);
			name = UI;
			sourceTree = "<group>";
		};
		CEBF84A21980ACA000EBE976 /* DeviceKeeper */ = {
			isa = PBXGroup;
			children = (
				CEBF84A71980AD3400EBE976 /* DeviceKeeper.h */,
				CEBF84A81980AD3400EBE976 /* DeviceKeeper.m */,
				CE420BA1198794F10026B346 /* DevicesConfig.plist */,
				CE420BA41987B7070026B346 /* UserInfo.plist */,
			);
			name = DeviceKeeper;
			sourceTree = "<group>";
		};
		CEBF84A31980ACB700EBE976 /* DeviceTracker */ = {
			isa = PBXGroup;
			children = (
				CEBF84A41980AD2300EBE976 /* DeviceTracker.h */,
				CEBF84A51980AD2300EBE976 /* DeviceTracker.m */,
				CEBF84AE1980B61300EBE976 /* RSSISmootheningFilter.h */,
				CEBF84AF1980B61300EBE976 /* RSSISmootheningFilter.m */,
			);
			name = DeviceTracker;
			sourceTree = "<group>";
		};
/* End PBXGroup section */

/* Begin PBXNativeTarget section */
		CEBF8436197FDE5400EBE976 /* MacGuarder */ = {
			isa = PBXNativeTarget;
			buildConfigurationList = CEBF8468197FDE5400EBE976 /* Build configuration list for PBXNativeTarget "MacGuarder" */;
			buildPhases = (
				CEBF8433197FDE5400EBE976 /* Sources */,
				CEBF8434197FDE5400EBE976 /* Frameworks */,
				CEBF8435197FDE5400EBE976 /* Resources */,
			);
			buildRules = (
			);
			dependencies = (
			);
			name = MacGuarder;
			productName = MacGuarder;
			productReference = CEBF8437197FDE5400EBE976 /* MacGuarder.app */;
			productType = "com.apple.product-type.application";
		};
		CEBF8457197FDE5400EBE976 /* MacGuarderTests */ = {
			isa = PBXNativeTarget;
			buildConfigurationList = CEBF846B197FDE5400EBE976 /* Build configuration list for PBXNativeTarget "MacGuarderTests" */;
			buildPhases = (
				CEBF8454197FDE5400EBE976 /* Sources */,
				CEBF8455197FDE5400EBE976 /* Frameworks */,
				CEBF8456197FDE5400EBE976 /* Resources */,
			);
			buildRules = (
			);
			dependencies = (
				CEBF845D197FDE5400EBE976 /* PBXTargetDependency */,
			);
			name = MacGuarderTests;
			productName = MacGuarderTests;
			productReference = CEBF8458197FDE5400EBE976 /* MacGuarderTests.xctest */;
			productType = "com.apple.product-type.bundle.unit-test";
		};
/* End PBXNativeTarget section */

/* Begin PBXProject section */
		CEBF842F197FDE5400EBE976 /* Project object */ = {
			isa = PBXProject;
			attributes = {
				LastUpgradeCheck = 0510;
				ORGANIZATIONNAME = TrendMicro;
				TargetAttributes = {
					CEBF8457197FDE5400EBE976 = {
						TestTargetID = CEBF8436197FDE5400EBE976;
					};
				};
			};
			buildConfigurationList = CEBF8432197FDE5400EBE976 /* Build configuration list for PBXProject "MacGuarder" */;
			compatibilityVersion = "Xcode 3.2";
			developmentRegion = English;
			hasScannedForEncodings = 0;
			knownRegions = (
				en,
				Base,
			);
			mainGroup = CEBF842E197FDE5400EBE976;
			productRefGroup = CEBF8438197FDE5400EBE976 /* Products */;
			projectDirPath = "";
			projectRoot = "";
			targets = (
				CEBF8436197FDE5400EBE976 /* MacGuarder */,
				CEBF8457197FDE5400EBE976 /* MacGuarderTests */,
			);
		};
/* End PBXProject section */

/* Begin PBXResourcesBuildPhase section */
		CEBF8435197FDE5400EBE976 /* Resources */ = {
			isa = PBXResourcesBuildPhase;
			buildActionMask = 2147483647;
			files = (
				CEBF8445197FDE5400EBE976 /* InfoPlist.strings in Resources */,
				CEBF8453197FDE5400EBE976 /* Images.xcassets in Resources */,
				CEBF844B197FDE5400EBE976 /* Credits.rtf in Resources */,
				CE420BA51987B7070026B346 /* UserInfo.plist in Resources */,
				CE420BA2198794F10026B346 /* DevicesConfig.plist in Resources */,
				CEBF8451197FDE5400EBE976 /* MainMenu.xib in Resources */,
			);
			runOnlyForDeploymentPostprocessing = 0;
		};
		CEBF8456197FDE5400EBE976 /* Resources */ = {
			isa = PBXResourcesBuildPhase;
			buildActionMask = 2147483647;
			files = (
				CEBF8463197FDE5400EBE976 /* InfoPlist.strings in Resources */,
			);
			runOnlyForDeploymentPostprocessing = 0;
		};
/* End PBXResourcesBuildPhase section */

/* Begin PBXSourcesBuildPhase section */
		CEBF8433197FDE5400EBE976 /* Sources */ = {
			isa = PBXSourcesBuildPhase;
			buildActionMask = 2147483647;
			files = (
				CEBF844E197FDE5400EBE976 /* AppDelegate.m in Sources */,
				CEBF84B01980B61300EBE976 /* RSSISmootheningFilter.m in Sources */,
				CEBF8447197FDE5400EBE976 /* main.m in Sources */,
				CEBF849E197FDF2200EBE976 /* MacGuarderHelper.m in Sources */,
				CEBF84A91980AD3400EBE976 /* DeviceKeeper.m in Sources */,
				CEBF84A61980AD2300EBE976 /* DeviceTracker.m in Sources */,
			);
			runOnlyForDeploymentPostprocessing = 0;
		};
		CEBF8454197FDE5400EBE976 /* Sources */ = {
			isa = PBXSourcesBuildPhase;
			buildActionMask = 2147483647;
			files = (
				CEBF8465197FDE5400EBE976 /* MacGuarderTests.m in Sources */,
			);
			runOnlyForDeploymentPostprocessing = 0;
		};
/* End PBXSourcesBuildPhase section */

/* Begin PBXTargetDependency section */
		CEBF845D197FDE5400EBE976 /* PBXTargetDependency */ = {
			isa = PBXTargetDependency;
			target = CEBF8436197FDE5400EBE976 /* MacGuarder */;
			targetProxy = CEBF845C197FDE5400EBE976 /* PBXContainerItemProxy */;
		};
/* End PBXTargetDependency section */

/* Begin PBXVariantGroup section */
		CEBF8443197FDE5400EBE976 /* InfoPlist.strings */ = {
			isa = PBXVariantGroup;
			children = (
				CEBF8444197FDE5400EBE976 /* en */,
			);
			name = InfoPlist.strings;
			sourceTree = "<group>";
		};
		CEBF8449197FDE5400EBE976 /* Credits.rtf */ = {
			isa = PBXVariantGroup;
			children = (
				CEBF844A197FDE5400EBE976 /* en */,
			);
			name = Credits.rtf;
			sourceTree = "<group>";
		};
		CEBF844F197FDE5400EBE976 /* MainMenu.xib */ = {
			isa = PBXVariantGroup;
			children = (
				CEBF8450197FDE5400EBE976 /* Base */,
			);
			name = MainMenu.xib;
			sourceTree = "<group>";
		};
		CEBF8461197FDE5400EBE976 /* InfoPlist.strings */ = {
			isa = PBXVariantGroup;
			children = (
				CEBF8462197FDE5400EBE976 /* en */,
			);
			name = InfoPlist.strings;
			sourceTree = "<group>";
		};
/* End PBXVariantGroup section */

/* Begin XCBuildConfiguration section */
		CEBF8466197FDE5400EBE976 /* Debug */ = {
			isa = XCBuildConfiguration;
			buildSettings = {
				ALWAYS_SEARCH_USER_PATHS = NO;
				CLANG_CXX_LANGUAGE_STANDARD = "gnu++0x";
				CLANG_CXX_LIBRARY = "libc++";
				CLANG_ENABLE_MODULES = YES;
				CLANG_ENABLE_OBJC_ARC = YES;
				CLANG_WARN_BOOL_CONVERSION = YES;
				CLANG_WARN_CONSTANT_CONVERSION = YES;
				CLANG_WARN_DIRECT_OBJC_ISA_USAGE = YES_ERROR;
				CLANG_WARN_EMPTY_BODY = YES;
				CLANG_WARN_ENUM_CONVERSION = YES;
				CLANG_WARN_INT_CONVERSION = YES;
				CLANG_WARN_OBJC_ROOT_CLASS = YES_ERROR;
				CLANG_WARN__DUPLICATE_METHOD_MATCH = YES;
				COPY_PHASE_STRIP = NO;
				GCC_C_LANGUAGE_STANDARD = gnu99;
				GCC_DYNAMIC_NO_PIC = NO;
				GCC_ENABLE_OBJC_EXCEPTIONS = YES;
				GCC_OPTIMIZATION_LEVEL = 0;
				GCC_PREPROCESSOR_DEFINITIONS = (
					"DEBUG=1",
					"$(inherited)",
				);
				GCC_SYMBOLS_PRIVATE_EXTERN = NO;
				GCC_WARN_64_TO_32_BIT_CONVERSION = YES;
				GCC_WARN_ABOUT_RETURN_TYPE = YES_ERROR;
				GCC_WARN_UNDECLARED_SELECTOR = YES;
				GCC_WARN_UNINITIALIZED_AUTOS = YES_AGGRESSIVE;
				GCC_WARN_UNUSED_FUNCTION = YES;
				GCC_WARN_UNUSED_VARIABLE = YES;
				MACOSX_DEPLOYMENT_TARGET = 10.9;
				ONLY_ACTIVE_ARCH = YES;
				SDKROOT = macosx;
			};
			name = Debug;
		};
		CEBF8467197FDE5400EBE976 /* Release */ = {
			isa = XCBuildConfiguration;
			buildSettings = {
				ALWAYS_SEARCH_USER_PATHS = NO;
				CLANG_CXX_LANGUAGE_STANDARD = "gnu++0x";
				CLANG_CXX_LIBRARY = "libc++";
				CLANG_ENABLE_MODULES = YES;
				CLANG_ENABLE_OBJC_ARC = YES;
				CLANG_WARN_BOOL_CONVERSION = YES;
				CLANG_WARN_CONSTANT_CONVERSION = YES;
				CLANG_WARN_DIRECT_OBJC_ISA_USAGE = YES_ERROR;
				CLANG_WARN_EMPTY_BODY = YES;
				CLANG_WARN_ENUM_CONVERSION = YES;
				CLANG_WARN_INT_CONVERSION = YES;
				CLANG_WARN_OBJC_ROOT_CLASS = YES_ERROR;
				CLANG_WARN__DUPLICATE_METHOD_MATCH = YES;
				COPY_PHASE_STRIP = YES;
				DEBUG_INFORMATION_FORMAT = "dwarf-with-dsym";
				ENABLE_NS_ASSERTIONS = NO;
				GCC_C_LANGUAGE_STANDARD = gnu99;
				GCC_ENABLE_OBJC_EXCEPTIONS = YES;
				GCC_WARN_64_TO_32_BIT_CONVERSION = YES;
				GCC_WARN_ABOUT_RETURN_TYPE = YES_ERROR;
				GCC_WARN_UNDECLARED_SELECTOR = YES;
				GCC_WARN_UNINITIALIZED_AUTOS = YES_AGGRESSIVE;
				GCC_WARN_UNUSED_FUNCTION = YES;
				GCC_WARN_UNUSED_VARIABLE = YES;
				MACOSX_DEPLOYMENT_TARGET = 10.9;
				SDKROOT = macosx;
			};
			name = Release;
		};
		CEBF8469197FDE5400EBE976 /* Debug */ = {
			isa = XCBuildConfiguration;
			buildSettings = {
				ASSETCATALOG_COMPILER_APPICON_NAME = AppIcon;
				CLANG_ENABLE_OBJC_ARC = YES;
				COMBINE_HIDPI_IMAGES = YES;
				GCC_PRECOMPILE_PREFIX_HEADER = YES;
				GCC_PREFIX_HEADER = "MacGuarder/MacGuarder-Prefix.pch";
				INFOPLIST_FILE = "MacGuarder/MacGuarder-Info.plist";
				PRODUCT_NAME = "$(TARGET_NAME)";
				WRAPPER_EXTENSION = app;
			};
			name = Debug;
		};
		CEBF846A197FDE5400EBE976 /* Release */ = {
			isa = XCBuildConfiguration;
			buildSettings = {
				ASSETCATALOG_COMPILER_APPICON_NAME = AppIcon;
				CLANG_ENABLE_OBJC_ARC = YES;
				COMBINE_HIDPI_IMAGES = YES;
				GCC_PRECOMPILE_PREFIX_HEADER = YES;
				GCC_PREFIX_HEADER = "MacGuarder/MacGuarder-Prefix.pch";
				INFOPLIST_FILE = "MacGuarder/MacGuarder-Info.plist";
				PRODUCT_NAME = "$(TARGET_NAME)";
				WRAPPER_EXTENSION = app;
			};
			name = Release;
		};
		CEBF846C197FDE5400EBE976 /* Debug */ = {
			isa = XCBuildConfiguration;
			buildSettings = {
				BUNDLE_LOADER = "$(BUILT_PRODUCTS_DIR)/MacGuarder.app/Contents/MacOS/MacGuarder";
				COMBINE_HIDPI_IMAGES = YES;
				FRAMEWORK_SEARCH_PATHS = (
					"$(DEVELOPER_FRAMEWORKS_DIR)",
					"$(inherited)",
				);
				GCC_PRECOMPILE_PREFIX_HEADER = YES;
				GCC_PREFIX_HEADER = "MacGuarder/MacGuarder-Prefix.pch";
				GCC_PREPROCESSOR_DEFINITIONS = (
					"DEBUG=1",
					"$(inherited)",
				);
				INFOPLIST_FILE = "MacGuarderTests/MacGuarderTests-Info.plist";
				PRODUCT_NAME = "$(TARGET_NAME)";
				TEST_HOST = "$(BUNDLE_LOADER)";
				WRAPPER_EXTENSION = xctest;
			};
			name = Debug;
		};
		CEBF846D197FDE5400EBE976 /* Release */ = {
			isa = XCBuildConfiguration;
			buildSettings = {
				BUNDLE_LOADER = "$(BUILT_PRODUCTS_DIR)/MacGuarder.app/Contents/MacOS/MacGuarder";
				COMBINE_HIDPI_IMAGES = YES;
				FRAMEWORK_SEARCH_PATHS = (
					"$(DEVELOPER_FRAMEWORKS_DIR)",
					"$(inherited)",
				);
				GCC_PRECOMPILE_PREFIX_HEADER = YES;
				GCC_PREFIX_HEADER = "MacGuarder/MacGuarder-Prefix.pch";
				INFOPLIST_FILE = "MacGuarderTests/MacGuarderTests-Info.plist";
				PRODUCT_NAME = "$(TARGET_NAME)";
				TEST_HOST = "$(BUNDLE_LOADER)";
				WRAPPER_EXTENSION = xctest;
			};
			name = Release;
		};
/* End XCBuildConfiguration section */

/* Begin XCConfigurationList section */
		CEBF8432197FDE5400EBE976 /* Build configuration list for PBXProject "MacGuarder" */ = {
			isa = XCConfigurationList;
			buildConfigurations = (
				CEBF8466197FDE5400EBE976 /* Debug */,
				CEBF8467197FDE5400EBE976 /* Release */,
			);
			defaultConfigurationIsVisible = 0;
			defaultConfigurationName = Release;
		};
		CEBF8468197FDE5400EBE976 /* Build configuration list for PBXNativeTarget "MacGuarder" */ = {
			isa = XCConfigurationList;
			buildConfigurations = (
				CEBF8469197FDE5400EBE976 /* Debug */,
				CEBF846A197FDE5400EBE976 /* Release */,
			);
			defaultConfigurationIsVisible = 0;
			defaultConfigurationName = Release;
		};
		CEBF846B197FDE5400EBE976 /* Build configuration list for PBXNativeTarget "MacGuarderTests" */ = {
			isa = XCConfigurationList;
			buildConfigurations = (
				CEBF846C197FDE5400EBE976 /* Debug */,
				CEBF846D197FDE5400EBE976 /* Release */,
			);
			defaultConfigurationIsVisible = 0;
			defaultConfigurationName = Release;
		};
/* End XCConfigurationList section */
	};
	rootObject = CEBF842F197FDE5400EBE976 /* Project object */;
}
