// !$*UTF8*$!
{
	archiveVersion = 1;
	classes = {
	};
	objectVersion = 47;
	objects = {

/* Begin PBXBuildFile section */
		84478F291B74972400B766AF /* MGSettingsWindowController.m in Sources */ = {isa = PBXBuildFile; fileRef = 84478F271B74972400B766AF /* MGSettingsWindowController.m */; };
		84478F2A1B74972400B766AF /* MGSettingsWindowController.xib in Resources */ = {isa = PBXBuildFile; fileRef = 84478F281B74972400B766AF /* MGSettingsWindowController.xib */; };
		84478F2F1B74A3EF00B766AF /* MGStatusBarController.m in Sources */ = {isa = PBXBuildFile; fileRef = 84478F2D1B74A3EF00B766AF /* MGStatusBarController.m */; };
		84478F301B74A3EF00B766AF /* MGStatusBarController.xib in Resources */ = {isa = PBXBuildFile; fileRef = 84478F2E1B74A3EF00B766AF /* MGStatusBarController.xib */; };
		84478F331B74A90600B766AF /* MGMonitorController.m in Sources */ = {isa = PBXBuildFile; fileRef = 84478F321B74A90600B766AF /* MGMonitorController.m */; };
		84E68BA21AA5B8E600D3811A /* SecurityInterface.framework in Frameworks */ = {isa = PBXBuildFile; fileRef = 84E68BA11AA5B8E600D3811A /* SecurityInterface.framework */; };
		84E68BA41AA5BA3700D3811A /* CoreBluetooth.framework in Frameworks */ = {isa = PBXBuildFile; fileRef = 84E68BA31AA5BA3700D3811A /* CoreBluetooth.framework */; };
		84E68BA81AA5D8DA00D3811A /* LogFormatter.m in Sources */ = {isa = PBXBuildFile; fileRef = 84E68BA71AA5D8DA00D3811A /* LogFormatter.m */; };
		CE420BA2198794F10026B346 /* DevicesConfig.plist in Resources */ = {isa = PBXBuildFile; fileRef = CE420BA1198794F10026B346 /* DevicesConfig.plist */; };
		CE420BA51987B7070026B346 /* UserInfo.plist in Resources */ = {isa = PBXBuildFile; fileRef = CE420BA41987B7070026B346 /* UserInfo.plist */; };
		CEBF843B197FDE5400EBE976 /* Cocoa.framework in Frameworks */ = {isa = PBXBuildFile; fileRef = CEBF843A197FDE5400EBE976 /* Cocoa.framework */; };
		CEBF8445197FDE5400EBE976 /* InfoPlist.strings in Resources */ = {isa = PBXBuildFile; fileRef = CEBF8443197FDE5400EBE976 /* InfoPlist.strings */; };
		CEBF8447197FDE5400EBE976 /* main.m in Sources */ = {isa = PBXBuildFile; fileRef = CEBF8446197FDE5400EBE976 /* main.m */; };
		CEBF844B197FDE5400EBE976 /* Credits.rtf in Resources */ = {isa = PBXBuildFile; fileRef = CEBF8449197FDE5400EBE976 /* Credits.rtf */; };
		CEBF844E197FDE5400EBE976 /* AppDelegate.m in Sources */ = {isa = PBXBuildFile; fileRef = CEBF844D197FDE5400EBE976 /* AppDelegate.m */; };
		CEBF8451197FDE5400EBE976 /* MainMenu.xib in Resources */ = {isa = PBXBuildFile; fileRef = CEBF844F197FDE5400EBE976 /* MainMenu.xib */; };
		CEBF8453197FDE5400EBE976 /* Images.xcassets in Resources */ = {isa = PBXBuildFile; fileRef = CEBF8452197FDE5400EBE976 /* Images.xcassets */; };
		CEBF849E197FDF2200EBE976 /* MacGuarderHelper.m in Sources */ = {isa = PBXBuildFile; fileRef = CEBF849D197FDF2200EBE976 /* MacGuarderHelper.m */; };
		CEBF84A61980AD2300EBE976 /* DeviceTracker.m in Sources */ = {isa = PBXBuildFile; fileRef = CEBF84A51980AD2300EBE976 /* DeviceTracker.m */; };
		CEBF84A91980AD3400EBE976 /* DeviceKeeper.m in Sources */ = {isa = PBXBuildFile; fileRef = CEBF84A81980AD3400EBE976 /* DeviceKeeper.m */; };
		CEBF84AB1980B2F600EBE976 /* IOBluetooth.framework in Frameworks */ = {isa = PBXBuildFile; fileRef = CEBF84AA1980B2F600EBE976 /* IOBluetooth.framework */; };
		CEBF84AD1980B2FD00EBE976 /* IOBluetoothUI.framework in Frameworks */ = {isa = PBXBuildFile; fileRef = CEBF84AC1980B2FD00EBE976 /* IOBluetoothUI.framework */; };
		CEBF84B01980B61300EBE976 /* RSSISmootheningFilter.m in Sources */ = {isa = PBXBuildFile; fileRef = CEBF84AF1980B61300EBE976 /* RSSISmootheningFilter.m */; };
		FE771E7BBB59FED757D89189 /* libPods.a in Frameworks */ = {isa = PBXBuildFile; fileRef = 18485F5168589B19A4D497A3 /* libPods.a */; };
/* End PBXBuildFile section */

/* Begin PBXFileReference section */
		18485F5168589B19A4D497A3 /* libPods.a */ = {isa = PBXFileReference; explicitFileType = archive.ar; includeInIndex = 0; path = libPods.a; sourceTree = BUILT_PRODUCTS_DIR; };
		46D7CA48E9101EEC9D6C855E /* Pods.debug.xcconfig */ = {isa = PBXFileReference; includeInIndex = 1; lastKnownFileType = text.xcconfig; name = Pods.debug.xcconfig; path = "Pods/Target Support Files/Pods/Pods.debug.xcconfig"; sourceTree = "<group>"; };
		84478F261B74972400B766AF /* MGSettingsWindowController.h */ = {isa = PBXFileReference; fileEncoding = 4; lastKnownFileType = sourcecode.c.h; path = MGSettingsWindowController.h; sourceTree = "<group>"; };
		84478F271B74972400B766AF /* MGSettingsWindowController.m */ = {isa = PBXFileReference; fileEncoding = 4; lastKnownFileType = sourcecode.c.objc; path = MGSettingsWindowController.m; sourceTree = "<group>"; };
		84478F281B74972400B766AF /* MGSettingsWindowController.xib */ = {isa = PBXFileReference; fileEncoding = 4; lastKnownFileType = file.xib; path = MGSettingsWindowController.xib; sourceTree = "<group>"; };
		84478F2C1B74A3EF00B766AF /* MGStatusBarController.h */ = {isa = PBXFileReference; fileEncoding = 4; lastKnownFileType = sourcecode.c.h; path = MGStatusBarController.h; sourceTree = "<group>"; };
		84478F2D1B74A3EF00B766AF /* MGStatusBarController.m */ = {isa = PBXFileReference; fileEncoding = 4; lastKnownFileType = sourcecode.c.objc; path = MGStatusBarController.m; sourceTree = "<group>"; };
		84478F2E1B74A3EF00B766AF /* MGStatusBarController.xib */ = {isa = PBXFileReference; fileEncoding = 4; lastKnownFileType = file.xib; path = MGStatusBarController.xib; sourceTree = "<group>"; };
		84478F311B74A90600B766AF /* MGMonitorController.h */ = {isa = PBXFileReference; fileEncoding = 4; lastKnownFileType = sourcecode.c.h; path = MGMonitorController.h; sourceTree = "<group>"; };
		84478F321B74A90600B766AF /* MGMonitorController.m */ = {isa = PBXFileReference; fileEncoding = 4; lastKnownFileType = sourcecode.c.objc; path = MGMonitorController.m; sourceTree = "<group>"; };
		84E68BA11AA5B8E600D3811A /* SecurityInterface.framework */ = {isa = PBXFileReference; lastKnownFileType = wrapper.framework; name = SecurityInterface.framework; path = System/Library/Frameworks/SecurityInterface.framework; sourceTree = SDKROOT; };
		84E68BA31AA5BA3700D3811A /* CoreBluetooth.framework */ = {isa = PBXFileReference; lastKnownFileType = wrapper.framework; name = CoreBluetooth.framework; path = System/Library/Frameworks/CoreBluetooth.framework; sourceTree = SDKROOT; };
		84E68BA61AA5D8DA00D3811A /* LogFormatter.h */ = {isa = PBXFileReference; fileEncoding = 4; lastKnownFileType = sourcecode.c.h; path = LogFormatter.h; sourceTree = "<group>"; };
		84E68BA71AA5D8DA00D3811A /* LogFormatter.m */ = {isa = PBXFileReference; fileEncoding = 4; lastKnownFileType = sourcecode.c.objc; path = LogFormatter.m; sourceTree = "<group>"; };
		8A764A8BF97A91FAC78246BD /* Pods.release.xcconfig */ = {isa = PBXFileReference; includeInIndex = 1; lastKnownFileType = text.xcconfig; name = Pods.release.xcconfig; path = "Pods/Target Support Files/Pods/Pods.release.xcconfig"; sourceTree = "<group>"; };
		CE420BA1198794F10026B346 /* DevicesConfig.plist */ = {isa = PBXFileReference; fileEncoding = 4; lastKnownFileType = text.plist.xml; path = DevicesConfig.plist; sourceTree = "<group>"; };
		CE420BA41987B7070026B346 /* UserInfo.plist */ = {isa = PBXFileReference; fileEncoding = 4; lastKnownFileType = text.plist.xml; path = UserInfo.plist; sourceTree = "<group>"; };
		CEBF8437197FDE5400EBE976 /* MacGuarder.app */ = {isa = PBXFileReference; explicitFileType = wrapper.application; includeInIndex = 0; path = MacGuarder.app; sourceTree = BUILT_PRODUCTS_DIR; };
		CEBF843A197FDE5400EBE976 /* Cocoa.framework */ = {isa = PBXFileReference; lastKnownFileType = wrapper.framework; name = Cocoa.framework; path = System/Library/Frameworks/Cocoa.framework; sourceTree = SDKROOT; };
		CEBF843D197FDE5400EBE976 /* AppKit.framework */ = {isa = PBXFileReference; lastKnownFileType = wrapper.framework; name = AppKit.framework; path = System/Library/Frameworks/AppKit.framework; sourceTree = SDKROOT; };
		CEBF843E197FDE5400EBE976 /* CoreData.framework */ = {isa = PBXFileReference; lastKnownFileType = wrapper.framework; name = CoreData.framework; path = System/Library/Frameworks/CoreData.framework; sourceTree = SDKROOT; };
		CEBF843F197FDE5400EBE976 /* Foundation.framework */ = {isa = PBXFileReference; lastKnownFileType = wrapper.framework; name = Foundation.framework; path = System/Library/Frameworks/Foundation.framework; sourceTree = SDKROOT; };
		CEBF8442197FDE5400EBE976 /* MacGuarder-Info.plist */ = {isa = PBXFileReference; lastKnownFileType = text.plist.xml; path = "MacGuarder-Info.plist"; sourceTree = "<group>"; };
		CEBF8444197FDE5400EBE976 /* en */ = {isa = PBXFileReference; lastKnownFileType = text.plist.strings; name = en; path = en.lproj/InfoPlist.strings; sourceTree = "<group>"; };
		CEBF8446197FDE5400EBE976 /* main.m */ = {isa = PBXFileReference; lastKnownFileType = sourcecode.c.objc; path = main.m; sourceTree = "<group>"; };
		CEBF8448197FDE5400EBE976 /* MacGuarder-Prefix.pch */ = {isa = PBXFileReference; lastKnownFileType = sourcecode.c.h; path = "MacGuarder-Prefix.pch"; sourceTree = "<group>"; };
		CEBF844A197FDE5400EBE976 /* en */ = {isa = PBXFileReference; lastKnownFileType = text.rtf; name = en; path = en.lproj/Credits.rtf; sourceTree = "<group>"; };
		CEBF844C197FDE5400EBE976 /* AppDelegate.h */ = {isa = PBXFileReference; lastKnownFileType = sourcecode.c.h; path = AppDelegate.h; sourceTree = "<group>"; };
		CEBF844D197FDE5400EBE976 /* AppDelegate.m */ = {isa = PBXFileReference; lastKnownFileType = sourcecode.c.objc; path = AppDelegate.m; sourceTree = "<group>"; };
		CEBF8450197FDE5400EBE976 /* Base */ = {isa = PBXFileReference; lastKnownFileType = file.xib; name = Base; path = Base.lproj/MainMenu.xib; sourceTree = "<group>"; };
		CEBF8452197FDE5400EBE976 /* Images.xcassets */ = {isa = PBXFileReference; lastKnownFileType = folder.assetcatalog; path = Images.xcassets; sourceTree = "<group>"; };
		CEBF849C197FDF2200EBE976 /* MacGuarderHelper.h */ = {isa = PBXFileReference; fileEncoding = 4; lastKnownFileType = sourcecode.c.h; path = MacGuarderHelper.h; sourceTree = "<group>"; };
		CEBF849D197FDF2200EBE976 /* MacGuarderHelper.m */ = {isa = PBXFileReference; fileEncoding = 4; lastKnownFileType = sourcecode.c.objc; path = MacGuarderHelper.m; sourceTree = "<group>"; };
		CEBF84A41980AD2300EBE976 /* DeviceTracker.h */ = {isa = PBXFileReference; fileEncoding = 4; lastKnownFileType = sourcecode.c.h; path = DeviceTracker.h; sourceTree = "<group>"; };
		CEBF84A51980AD2300EBE976 /* DeviceTracker.m */ = {isa = PBXFileReference; fileEncoding = 4; lastKnownFileType = sourcecode.c.objc; path = DeviceTracker.m; sourceTree = "<group>"; };
		CEBF84A71980AD3400EBE976 /* DeviceKeeper.h */ = {isa = PBXFileReference; fileEncoding = 4; lastKnownFileType = sourcecode.c.h; path = DeviceKeeper.h; sourceTree = "<group>"; };
		CEBF84A81980AD3400EBE976 /* DeviceKeeper.m */ = {isa = PBXFileReference; fileEncoding = 4; lastKnownFileType = sourcecode.c.objc; path = DeviceKeeper.m; sourceTree = "<group>"; };
		CEBF84AA1980B2F600EBE976 /* IOBluetooth.framework */ = {isa = PBXFileReference; lastKnownFileType = wrapper.framework; name = IOBluetooth.framework; path = System/Library/Frameworks/IOBluetooth.framework; sourceTree = SDKROOT; };
		CEBF84AC1980B2FD00EBE976 /* IOBluetoothUI.framework */ = {isa = PBXFileReference; lastKnownFileType = wrapper.framework; name = IOBluetoothUI.framework; path = System/Library/Frameworks/IOBluetoothUI.framework; sourceTree = SDKROOT; };
		CEBF84AE1980B61300EBE976 /* RSSISmootheningFilter.h */ = {isa = PBXFileReference; fileEncoding = 4; lastKnownFileType = sourcecode.c.h; path = RSSISmootheningFilter.h; sourceTree = "<group>"; };
		CEBF84AF1980B61300EBE976 /* RSSISmootheningFilter.m */ = {isa = PBXFileReference; fileEncoding = 4; lastKnownFileType = sourcecode.c.objc; path = RSSISmootheningFilter.m; sourceTree = "<group>"; };
/* End PBXFileReference section */

/* Begin PBXFrameworksBuildPhase section */
		CEBF8434197FDE5400EBE976 /* Frameworks */ = {
			isa = PBXFrameworksBuildPhase;
			buildActionMask = 2147483647;
			files = (
				84E68BA41AA5BA3700D3811A /* CoreBluetooth.framework in Frameworks */,
				CEBF84AD1980B2FD00EBE976 /* IOBluetoothUI.framework in Frameworks */,
				CEBF84AB1980B2F600EBE976 /* IOBluetooth.framework in Frameworks */,
				84E68BA21AA5B8E600D3811A /* SecurityInterface.framework in Frameworks */,
				CEBF843B197FDE5400EBE976 /* Cocoa.framework in Frameworks */,
				FE771E7BBB59FED757D89189 /* libPods.a in Frameworks */,
			);
			runOnlyForDeploymentPostprocessing = 0;
		};
/* End PBXFrameworksBuildPhase section */

/* Begin PBXGroup section */
		21C0EB1D560DD20CA95D1BEC /* Pods */ = {
			isa = PBXGroup;
			children = (
				46D7CA48E9101EEC9D6C855E /* Pods.debug.xcconfig */,
				8A764A8BF97A91FAC78246BD /* Pods.release.xcconfig */,
			);
			name = Pods;
			sourceTree = "<group>";
		};
		84E68BA51AA5D88700D3811A /* Common */ = {
			isa = PBXGroup;
			children = (
				84E68BA61AA5D8DA00D3811A /* LogFormatter.h */,
				84E68BA71AA5D8DA00D3811A /* LogFormatter.m */,
			);
			name = Common;
			sourceTree = "<group>";
		};
		CEBF842E197FDE5400EBE976 = {
			isa = PBXGroup;
			children = (
				CEBF8440197FDE5400EBE976 /* MacGuarder */,
				CEBF8439197FDE5400EBE976 /* Frameworks */,
				CEBF8438197FDE5400EBE976 /* Products */,
				21C0EB1D560DD20CA95D1BEC /* Pods */,
			);
			sourceTree = "<group>";
		};
		CEBF8438197FDE5400EBE976 /* Products */ = {
			isa = PBXGroup;
			children = (
				CEBF8437197FDE5400EBE976 /* MacGuarder.app */,
			);
			name = Products;
			sourceTree = "<group>";
		};
		CEBF8439197FDE5400EBE976 /* Frameworks */ = {
			isa = PBXGroup;
			children = (
				84E68BA31AA5BA3700D3811A /* CoreBluetooth.framework */,
				CEBF84AC1980B2FD00EBE976 /* IOBluetoothUI.framework */,
				CEBF84AA1980B2F600EBE976 /* IOBluetooth.framework */,
				84E68BA11AA5B8E600D3811A /* SecurityInterface.framework */,
				CEBF843A197FDE5400EBE976 /* Cocoa.framework */,
				CEBF843C197FDE5400EBE976 /* Other Frameworks */,
				18485F5168589B19A4D497A3 /* libPods.a */,
			);
			name = Frameworks;
			sourceTree = "<group>";
		};
		CEBF843C197FDE5400EBE976 /* Other Frameworks */ = {
			isa = PBXGroup;
			children = (
				CEBF843D197FDE5400EBE976 /* AppKit.framework */,
				CEBF843E197FDE5400EBE976 /* CoreData.framework */,
				CEBF843F197FDE5400EBE976 /* Foundation.framework */,
			);
			name = "Other Frameworks";
			sourceTree = "<group>";
		};
		CEBF8440197FDE5400EBE976 /* MacGuarder */ = {
			isa = PBXGroup;
			children = (
				84E68BA51AA5D88700D3811A /* Common */,
				CEBF844C197FDE5400EBE976 /* AppDelegate.h */,
				CEBF844D197FDE5400EBE976 /* AppDelegate.m */,
				84478F311B74A90600B766AF /* MGMonitorController.h */,
				84478F321B74A90600B766AF /* MGMonitorController.m */,
				CEBF84A1197FE44C00EBE976 /* ViewController */,
				CEBF84A31980ACB700EBE976 /* DeviceTracker */,
				CEBF84A21980ACA000EBE976 /* DeviceKeeper */,
				CEBF849B197FDF2200EBE976 /* Helper */,
				CEBF8441197FDE5400EBE976 /* Supporting Files */,
			);
			path = MacGuarder;
			sourceTree = "<group>";
		};
		CEBF8441197FDE5400EBE976 /* Supporting Files */ = {
			isa = PBXGroup;
			children = (
				CEBF8452197FDE5400EBE976 /* Images.xcassets */,
				CEBF844F197FDE5400EBE976 /* MainMenu.xib */,
				CEBF8442197FDE5400EBE976 /* MacGuarder-Info.plist */,
				CEBF8443197FDE5400EBE976 /* InfoPlist.strings */,
				CEBF8446197FDE5400EBE976 /* main.m */,
				CEBF8448197FDE5400EBE976 /* MacGuarder-Prefix.pch */,
				CEBF8449197FDE5400EBE976 /* Credits.rtf */,
			);
			name = "Supporting Files";
			sourceTree = "<group>";
		};
		CEBF849B197FDF2200EBE976 /* Helper */ = {
			isa = PBXGroup;
			children = (
				CEBF849C197FDF2200EBE976 /* MacGuarderHelper.h */,
				CEBF849D197FDF2200EBE976 /* MacGuarderHelper.m */,
			);
			path = Helper;
			sourceTree = "<group>";
		};
		CEBF84A1197FE44C00EBE976 /* ViewController */ = {
			isa = PBXGroup;
			children = (
				84478F2C1B74A3EF00B766AF /* MGStatusBarController.h */,
				84478F2D1B74A3EF00B766AF /* MGStatusBarController.m */,
				84478F2E1B74A3EF00B766AF /* MGStatusBarController.xib */,
				84478F261B74972400B766AF /* MGSettingsWindowController.h */,
				84478F271B74972400B766AF /* MGSettingsWindowController.m */,
				84478F281B74972400B766AF /* MGSettingsWindowController.xib */,
			);
			name = ViewController;
			sourceTree = "<group>";
		};
		CEBF84A21980ACA000EBE976 /* DeviceKeeper */ = {
			isa = PBXGroup;
			children = (
				CEBF84A71980AD3400EBE976 /* DeviceKeeper.h */,
				CEBF84A81980AD3400EBE976 /* DeviceKeeper.m */,
				CE420BA1198794F10026B346 /* DevicesConfig.plist */,
				CE420BA41987B7070026B346 /* UserInfo.plist */,
			);
			name = DeviceKeeper;
			sourceTree = "<group>";
		};
		CEBF84A31980ACB700EBE976 /* DeviceTracker */ = {
			isa = PBXGroup;
			children = (
				CEBF84A41980AD2300EBE976 /* DeviceTracker.h */,
				CEBF84A51980AD2300EBE976 /* DeviceTracker.m */,
				CEBF84AE1980B61300EBE976 /* RSSISmootheningFilter.h */,
				CEBF84AF1980B61300EBE976 /* RSSISmootheningFilter.m */,
			);
			name = DeviceTracker;
			sourceTree = "<group>";
		};
/* End PBXGroup section */

/* Begin PBXNativeTarget section */
		CEBF8436197FDE5400EBE976 /* MacGuarder */ = {
			isa = PBXNativeTarget;
			buildConfigurationList = CEBF8468197FDE5400EBE976 /* Build configuration list for PBXNativeTarget "MacGuarder" */;
			buildPhases = (
				0EEB19BDB1A05DC22AF848EA /* Check Pods Manifest.lock */,
				CEBF8433197FDE5400EBE976 /* Sources */,
				CEBF8434197FDE5400EBE976 /* Frameworks */,
				CEBF8435197FDE5400EBE976 /* Resources */,
				37C52E71C0C2F77482096856 /* Copy Pods Resources */,
			);
			buildRules = (
			);
			dependencies = (
			);
			name = MacGuarder;
			productName = MacGuarder;
			productReference = CEBF8437197FDE5400EBE976 /* MacGuarder.app */;
			productType = "com.apple.product-type.application";
		};
/* End PBXNativeTarget section */

/* Begin PBXProject section */
		CEBF842F197FDE5400EBE976 /* Project object */ = {
			isa = PBXProject;
			attributes = {
				LastUpgradeCheck = 0510;
				ORGANIZATIONNAME = GoKuStudio;
			};
			buildConfigurationList = CEBF8432197FDE5400EBE976 /* Build configuration list for PBXProject "MacGuarder" */;
			compatibilityVersion = "Xcode 6.3";
			developmentRegion = English;
			hasScannedForEncodings = 0;
			knownRegions = (
				en,
				Base,
			);
			mainGroup = CEBF842E197FDE5400EBE976;
			productRefGroup = CEBF8438197FDE5400EBE976 /* Products */;
			projectDirPath = "";
			projectRoot = "";
			targets = (
				CEBF8436197FDE5400EBE976 /* MacGuarder */,
			);
		};
/* End PBXProject section */

/* Begin PBXResourcesBuildPhase section */
		CEBF8435197FDE5400EBE976 /* Resources */ = {
			isa = PBXResourcesBuildPhase;
			buildActionMask = 2147483647;
			files = (
				CEBF8445197FDE5400EBE976 /* InfoPlist.strings in Resources */,
				CEBF8453197FDE5400EBE976 /* Images.xcassets in Resources */,
				CEBF844B197FDE5400EBE976 /* Credits.rtf in Resources */,
				84478F301B74A3EF00B766AF /* MGStatusBarController.xib in Resources */,
				84478F2A1B74972400B766AF /* MGSettingsWindowController.xib in Resources */,
				CE420BA51987B7070026B346 /* UserInfo.plist in Resources */,
				CE420BA2198794F10026B346 /* DevicesConfig.plist in Resources */,
				CEBF8451197FDE5400EBE976 /* MainMenu.xib in Resources */,
			);
			runOnlyForDeploymentPostprocessing = 0;
		};
/* End PBXResourcesBuildPhase section */

/* Begin PBXShellScriptBuildPhase section */
		0EEB19BDB1A05DC22AF848EA /* Check Pods Manifest.lock */ = {
			isa = PBXShellScriptBuildPhase;
			buildActionMask = 2147483647;
			files = (
			);
			inputPaths = (
			);
			name = "Check Pods Manifest.lock";
			outputPaths = (
			);
			runOnlyForDeploymentPostprocessing = 0;
			shellPath = /bin/sh;
			shellScript = "diff \"${PODS_ROOT}/../Podfile.lock\" \"${PODS_ROOT}/Manifest.lock\" > /dev/null\nif [[ $? != 0 ]] ; then\n    cat << EOM\nerror: The sandbox is not in sync with the Podfile.lock. Run 'pod install' or update your CocoaPods installation.\nEOM\n    exit 1\nfi\n";
			showEnvVarsInLog = 0;
		};
		37C52E71C0C2F77482096856 /* Copy Pods Resources */ = {
			isa = PBXShellScriptBuildPhase;
			buildActionMask = 2147483647;
			files = (
			);
			inputPaths = (
			);
			name = "Copy Pods Resources";
			outputPaths = (
			);
			runOnlyForDeploymentPostprocessing = 0;
			shellPath = /bin/sh;
			shellScript = "\"${SRCROOT}/Pods/Target Support Files/Pods/Pods-resources.sh\"\n";
			showEnvVarsInLog = 0;
		};
/* End PBXShellScriptBuildPhase section */

/* Begin PBXSourcesBuildPhase section */
		CEBF8433197FDE5400EBE976 /* Sources */ = {
			isa = PBXSourcesBuildPhase;
			buildActionMask = 2147483647;
			files = (
				84478F331B74A90600B766AF /* MGMonitorController.m in Sources */,
				84478F2F1B74A3EF00B766AF /* MGStatusBarController.m in Sources */,
				84478F291B74972400B766AF /* MGSettingsWindowController.m in Sources */,
				CEBF844E197FDE5400EBE976 /* AppDelegate.m in Sources */,
				CEBF84B01980B61300EBE976 /* RSSISmootheningFilter.m in Sources */,
				CEBF8447197FDE5400EBE976 /* main.m in Sources */,
				CEBF849E197FDF2200EBE976 /* MacGuarderHelper.m in Sources */,
				CEBF84A91980AD3400EBE976 /* DeviceKeeper.m in Sources */,
				CEBF84A61980AD2300EBE976 /* DeviceTracker.m in Sources */,
				84E68BA81AA5D8DA00D3811A /* LogFormatter.m in Sources */,
			);
			runOnlyForDeploymentPostprocessing = 0;
		};
/* End PBXSourcesBuildPhase section */

/* Begin PBXVariantGroup section */
		CEBF8443197FDE5400EBE976 /* InfoPlist.strings */ = {
			isa = PBXVariantGroup;
			children = (
				CEBF8444197FDE5400EBE976 /* en */,
			);
			name = InfoPlist.strings;
			sourceTree = "<group>";
		};
		CEBF8449197FDE5400EBE976 /* Credits.rtf */ = {
			isa = PBXVariantGroup;
			children = (
				CEBF844A197FDE5400EBE976 /* en */,
			);
			name = Credits.rtf;
			sourceTree = "<group>";
		};
		CEBF844F197FDE5400EBE976 /* MainMenu.xib */ = {
			isa = PBXVariantGroup;
			children = (
				CEBF8450197FDE5400EBE976 /* Base */,
			);
			name = MainMenu.xib;
			sourceTree = "<group>";
		};
/* End PBXVariantGroup section */

/* Begin XCBuildConfiguration section */
		CEBF8466197FDE5400EBE976 /* Debug */ = {
			isa = XCBuildConfiguration;
			buildSettings = {
				ALWAYS_SEARCH_USER_PATHS = NO;
				CLANG_CXX_LANGUAGE_STANDARD = "gnu++0x";
				CLANG_CXX_LIBRARY = "libc++";
				CLANG_ENABLE_MODULES = YES;
				CLANG_ENABLE_OBJC_ARC = YES;
				CLANG_WARN_BOOL_CONVERSION = YES;
				CLANG_WARN_CONSTANT_CONVERSION = YES;
				CLANG_WARN_DIRECT_OBJC_ISA_USAGE = YES_ERROR;
				CLANG_WARN_EMPTY_BODY = YES;
				CLANG_WARN_ENUM_CONVERSION = YES;
				CLANG_WARN_INT_CONVERSION = YES;
				CLANG_WARN_OBJC_ROOT_CLASS = YES_ERROR;
				CLANG_WARN__DUPLICATE_METHOD_MATCH = YES;
				COPY_PHASE_STRIP = NO;
				GCC_C_LANGUAGE_STANDARD = gnu99;
				GCC_DYNAMIC_NO_PIC = NO;
				GCC_ENABLE_OBJC_EXCEPTIONS = YES;
				GCC_OPTIMIZATION_LEVEL = 0;
				GCC_PREPROCESSOR_DEFINITIONS = (
					"DEBUG=1",
					"$(inherited)",
				);
				GCC_SYMBOLS_PRIVATE_EXTERN = NO;
				GCC_WARN_64_TO_32_BIT_CONVERSION = YES;
				GCC_WARN_ABOUT_RETURN_TYPE = YES_ERROR;
				GCC_WARN_UNDECLARED_SELECTOR = YES;
				GCC_WARN_UNINITIALIZED_AUTOS = YES_AGGRESSIVE;
				GCC_WARN_UNUSED_FUNCTION = YES;
				GCC_WARN_UNUSED_VARIABLE = YES;
				MACOSX_DEPLOYMENT_TARGET = 10.10;
				ONLY_ACTIVE_ARCH = YES;
				SDKROOT = macosx;
			};
			name = Debug;
		};
		CEBF8467197FDE5400EBE976 /* Release */ = {
			isa = XCBuildConfiguration;
			buildSettings = {
				ALWAYS_SEARCH_USER_PATHS = NO;
				CLANG_CXX_LANGUAGE_STANDARD = "gnu++0x";
				CLANG_CXX_LIBRARY = "libc++";
				CLANG_ENABLE_MODULES = YES;
				CLANG_ENABLE_OBJC_ARC = YES;
				CLANG_WARN_BOOL_CONVERSION = YES;
				CLANG_WARN_CONSTANT_CONVERSION = YES;
				CLANG_WARN_DIRECT_OBJC_ISA_USAGE = YES_ERROR;
				CLANG_WARN_EMPTY_BODY = YES;
				CLANG_WARN_ENUM_CONVERSION = YES;
				CLANG_WARN_INT_CONVERSION = YES;
				CLANG_WARN_OBJC_ROOT_CLASS = YES_ERROR;
				CLANG_WARN__DUPLICATE_METHOD_MATCH = YES;
				COPY_PHASE_STRIP = YES;
				DEBUG_INFORMATION_FORMAT = "dwarf-with-dsym";
				ENABLE_NS_ASSERTIONS = NO;
				GCC_C_LANGUAGE_STANDARD = gnu99;
				GCC_ENABLE_OBJC_EXCEPTIONS = YES;
				GCC_WARN_64_TO_32_BIT_CONVERSION = YES;
				GCC_WARN_ABOUT_RETURN_TYPE = YES_ERROR;
				GCC_WARN_UNDECLARED_SELECTOR = YES;
				GCC_WARN_UNINITIALIZED_AUTOS = YES_AGGRESSIVE;
				GCC_WARN_UNUSED_FUNCTION = YES;
				GCC_WARN_UNUSED_VARIABLE = YES;
				MACOSX_DEPLOYMENT_TARGET = 10.10;
				SDKROOT = macosx;
			};
			name = Release;
		};
		CEBF8469197FDE5400EBE976 /* Debug */ = {
			isa = XCBuildConfiguration;
			baseConfigurationReference = 46D7CA48E9101EEC9D6C855E /* Pods.debug.xcconfig */;
			buildSettings = {
				ASSETCATALOG_COMPILER_APPICON_NAME = AppIcon;
				CLANG_ENABLE_OBJC_ARC = YES;
				COMBINE_HIDPI_IMAGES = YES;
				GCC_PRECOMPILE_PREFIX_HEADER = YES;
				GCC_PREFIX_HEADER = "MacGuarder/MacGuarder-Prefix.pch";
				INFOPLIST_FILE = "MacGuarder/MacGuarder-Info.plist";
				PRODUCT_NAME = "$(TARGET_NAME)";
				WRAPPER_EXTENSION = app;
			};
			name = Debug;
		};
		CEBF846A197FDE5400EBE976 /* Release */ = {
			isa = XCBuildConfiguration;
			baseConfigurationReference = 8A764A8BF97A91FAC78246BD /* Pods.release.xcconfig */;
			buildSettings = {
				ASSETCATALOG_COMPILER_APPICON_NAME = AppIcon;
				CLANG_ENABLE_OBJC_ARC = YES;
				COMBINE_HIDPI_IMAGES = YES;
				GCC_PRECOMPILE_PREFIX_HEADER = YES;
				GCC_PREFIX_HEADER = "MacGuarder/MacGuarder-Prefix.pch";
				INFOPLIST_FILE = "MacGuarder/MacGuarder-Info.plist";
				PRODUCT_NAME = "$(TARGET_NAME)";
				WRAPPER_EXTENSION = app;
			};
			name = Release;
		};
/* End XCBuildConfiguration section */

/* Begin XCConfigurationList section */
		CEBF8432197FDE5400EBE976 /* Build configuration list for PBXProject "MacGuarder" */ = {
			isa = XCConfigurationList;
			buildConfigurations = (
				CEBF8466197FDE5400EBE976 /* Debug */,
				CEBF8467197FDE5400EBE976 /* Release */,
			);
			defaultConfigurationIsVisible = 0;
			defaultConfigurationName = Release;
		};
		CEBF8468197FDE5400EBE976 /* Build configuration list for PBXNativeTarget "MacGuarder" */ = {
			isa = XCConfigurationList;
			buildConfigurations = (
				CEBF8469197FDE5400EBE976 /* Debug */,
				CEBF846A197FDE5400EBE976 /* Release */,
			);
			defaultConfigurationIsVisible = 0;
			defaultConfigurationName = Release;
		};
/* End XCConfigurationList section */
	};
	rootObject = CEBF842F197FDE5400EBE976 /* Project object */;
}
